PODS:
  - Alamofire (4.0.0)
  - AWSCore (2.4.7)
  - AWSS3 (2.4.7):
    - AWSCore (= 2.4.7)
  - Bolts (1.8.4):
    - Bolts/AppLinks (= 1.8.4)
    - Bolts/Tasks (= 1.8.4)
  - Bolts/AppLinks (1.8.4):
    - Bolts/Tasks
  - Bolts/Tasks (1.8.4)
  - FBSDKCoreKit (4.15.1):
    - Bolts (~> 1.7)
  - FBSDKLoginKit (4.15.1):
    - FBSDKCoreKit
  - FBSDKShareKit (4.15.1):
    - FBSDKCoreKit
  - LLSimpleCamera (4.2.0)

DEPENDENCIES:
  - Alamofire (~> 4.0)
  - AWSS3 (= 2.4.7)
  - FBSDKCoreKit
  - FBSDKLoginKit
  - FBSDKShareKit
  - LLSimpleCamera (= 4.2)

SPEC CHECKSUMS:
  Alamofire: fef59f00388f267e52d9b432aa5d93dc97190f14
  AWSCore: 9a729a3c0050a51ece3547d546c327acdac7838a
  AWSS3: 0f3c8ed11e04cd78cf86ed396c06330ab142db7a
  Bolts: 8a7995239dbe724f9cba2248b766d48b7ebdd322
  FBSDKCoreKit: fc7fa53d16b095ee3fd53f0cd59f1df8bcbb634d
  FBSDKLoginKit: 073f79b3b2e762fc6f54a283fe15f45372d59f5f
  FBSDKShareKit: 11cbb5a4d7b5fda8143cc95b76188147e6725736
  LLSimpleCamera: ed7813ce4827ff3e34c6af159c99b5b56e54d1c6

PODFILE CHECKSUM: 21074d4aee340dd2e8abd5a8576cd917a0267c36

COCOAPODS: 1.0.1
