PODS:
  - Alamofire (4.0.1)
  - AwesomeCache (3.0.1)
  - AWSCore (2.4.7)
  - AWSS3 (2.4.7):
    - AWSCore (= 2.4.7)
  - Bolts (1.8.4):
    - Bolts/AppLinks (= 1.8.4)
    - Bolts/Tasks (= 1.8.4)
  - Bolts/AppLinks (1.8.4):
    - Bolts/Tasks
  - Bolts/Tasks (1.8.4)
  - DGElasticPullToRefresh (1.1)
  - ExpandingMenu (0.3.1)
  - FBSDKCoreKit (4.15.0):
    - Bolts (~> 1.7)
  - FBSDKLoginKit (4.15.0):
    - FBSDKCoreKit
  - FBSDKShareKit (4.15.0):
    - FBSDKCoreKit
  - GuillotineMenu (3.0)
  - LLSimpleCamera (4.2.0)
  - LLSlideMenu (1.0.4)
  - RevealingSplashView (0.1.0)
  - SCLAlertView (0.7.0)
  - SlideMenuControllerSwift (3.0.0)
  - VIMVideoPlayer (6.0.1)

DEPENDENCIES:
  - Alamofire (~> 4.0)
  - AwesomeCache (from `https://github.com/aschuch/AwesomeCache.git`, branch `swift3.0`)
  - AWSS3 (= 2.4.7)
  - DGElasticPullToRefresh
  - ExpandingMenu (~> 0.3)
  - FBSDKCoreKit (= 4.15.0)
  - FBSDKLoginKit (= 4.15.0)
  - FBSDKShareKit (= 4.15.0)
  - GuillotineMenu (~> 3.0)
  - LLSimpleCamera (= 4.2)
  - LLSlideMenu
  - RevealingSplashView
  - SCLAlertView
  - SlideMenuControllerSwift
  - VIMVideoPlayer

EXTERNAL SOURCES:
  AwesomeCache:
    :branch: swift3.0
    :git: https://github.com/aschuch/AwesomeCache.git

CHECKOUT OPTIONS:
  AwesomeCache:
    :commit: 70cc15157248801dc72341b7e99a094f5121f56a
    :git: https://github.com/aschuch/AwesomeCache.git

SPEC CHECKSUMS:
  Alamofire: 7682d43245de14874acd142ec137b144aa1dd335
  AwesomeCache: a1561c926b6cf812c5f3f4262ea22e20bf8323c1
  AWSCore: 9a729a3c0050a51ece3547d546c327acdac7838a
  AWSS3: 0f3c8ed11e04cd78cf86ed396c06330ab142db7a
  Bolts: 8a7995239dbe724f9cba2248b766d48b7ebdd322
  DGElasticPullToRefresh: 28f11a6026302a90f8ffebbc6e24748e584dddd3
  ExpandingMenu: 107548f3cb8c04b28a8b6b436983f506849484cc
  FBSDKCoreKit: 6680cbd33a4243d80700f182d0af36b3fa7f3118
  FBSDKLoginKit: 96d9b70b5784490f02ab86119e542a1f182017a8
  FBSDKShareKit: 06ef20cb2f16828ca4b20055333313dd445de362
  GuillotineMenu: 611ccb58ae092f2d929535377570ef25a7b5bc63
  LLSimpleCamera: ed7813ce4827ff3e34c6af159c99b5b56e54d1c6
  LLSlideMenu: e98f45dc04cdbbf19b4e6922b9078dc519292920
  RevealingSplashView: 501dd03d975ba2c4165dd463ea1c7c407fb9d13e
  SCLAlertView: 8a14ffc40590c619e183eed2298b854385f30be1
  SlideMenuControllerSwift: 9c0a84f9a3fba51681debd7be77617094562ebcc
  VIMVideoPlayer: f4ed0a9986294ec3684a2e6bdc738e30051ef4ef

PODFILE CHECKSUM: 46971b0adf01d9be6157454db6b6668223694af6

COCOAPODS: 1.0.1
