// !$*UTF8*$!
{
	archiveVersion = 1;
	classes = {
	};
	objectVersion = 46;
	objects = {

/* Begin PBXBuildFile section */
		691635BD79CEDCE1945C7C83 /* Pods_KoalieTests.framework in Frameworks */ = {isa = PBXBuildFile; fileRef = 4C9625CEC048A06C5DF0463C /* Pods_KoalieTests.framework */; };
		AA9F31FC24FE4AD2052FFB7C /* Pods_Koalie.framework in Frameworks */ = {isa = PBXBuildFile; fileRef = D507CAABDCE0583DAEDACEFF /* Pods_Koalie.framework */; };
		EA02ED211D9E2A48006BE585 /* InfoMenuViewController.swift in Sources */ = {isa = PBXBuildFile; fileRef = EA02ED201D9E2A48006BE585 /* InfoMenuViewController.swift */; };
		EA0ACBFC1DD43DA40038179F /* TimeInfoViewController.swift in Sources */ = {isa = PBXBuildFile; fileRef = EA0ACBFB1DD43DA40038179F /* TimeInfoViewController.swift */; };
		EA0ACBFE1DD43DAF0038179F /* PeopleInfoViewController.swift in Sources */ = {isa = PBXBuildFile; fileRef = EA0ACBFD1DD43DAF0038179F /* PeopleInfoViewController.swift */; };
		EA163E121DBF170D009FDC2D /* App-Icon-Template.png in Resources */ = {isa = PBXBuildFile; fileRef = EA163E111DBF170D009FDC2D /* App-Icon-Template.png */; };
		EA1F58F81D7B772A00EAEBDE /* Wallpaper for App.png in Resources */ = {isa = PBXBuildFile; fileRef = EA1F58F71D7B772A00EAEBDE /* Wallpaper for App.png */; };
		EA1F58FA1D7B798B00EAEBDE /* Koalie Logo.png in Resources */ = {isa = PBXBuildFile; fileRef = EA1F58F91D7B798B00EAEBDE /* Koalie Logo.png */; };
		EA1F58FC1D7B81D000EAEBDE /* upload_test.jpg in Resources */ = {isa = PBXBuildFile; fileRef = EA1F58FB1D7B81D000EAEBDE /* upload_test.jpg */; };
		EA1F58FE1D7B933200EAEBDE /* JoinEventViewController.swift in Sources */ = {isa = PBXBuildFile; fileRef = EA1F58FD1D7B933200EAEBDE /* JoinEventViewController.swift */; };
		EA21DAA11CD083D200786F30 /* AppDelegate.swift in Sources */ = {isa = PBXBuildFile; fileRef = EA21DAA01CD083D200786F30 /* AppDelegate.swift */; };
		EA21DAA61CD083D200786F30 /* Main.storyboard in Resources */ = {isa = PBXBuildFile; fileRef = EA21DAA41CD083D200786F30 /* Main.storyboard */; };
		EA21DAA81CD083D200786F30 /* Assets.xcassets in Resources */ = {isa = PBXBuildFile; fileRef = EA21DAA71CD083D200786F30 /* Assets.xcassets */; };
		EA21DAAB1CD083D200786F30 /* LaunchScreen.storyboard in Resources */ = {isa = PBXBuildFile; fileRef = EA21DAA91CD083D200786F30 /* LaunchScreen.storyboard */; };
		EA21DAB61CD083D200786F30 /* KoalieTests.swift in Sources */ = {isa = PBXBuildFile; fileRef = EA21DAB51CD083D200786F30 /* KoalieTests.swift */; };
		EA21DAC11CD083D300786F30 /* KoalieUITests.swift in Sources */ = {isa = PBXBuildFile; fileRef = EA21DAC01CD083D300786F30 /* KoalieUITests.swift */; };
		EA2588FE1CE04A550060B6F2 /* HomeViewController.swift in Sources */ = {isa = PBXBuildFile; fileRef = EA2588FD1CE04A550060B6F2 /* HomeViewController.swift */; };
		EA2589011CE0518E0060B6F2 /* KoalieLogo.png in Resources */ = {isa = PBXBuildFile; fileRef = EA2588FF1CE0518E0060B6F2 /* KoalieLogo.png */; };
		EA2589021CE0518E0060B6F2 /* Load Screen.jpg in Resources */ = {isa = PBXBuildFile; fileRef = EA2589001CE0518E0060B6F2 /* Load Screen.jpg */; };
		EA2589051CE2E2D20060B6F2 /* File.swift in Sources */ = {isa = PBXBuildFile; fileRef = EA2589041CE2E2D20060B6F2 /* File.swift */; };
		EA2589091CE2E7350060B6F2 /* HashtagViewController.swift in Sources */ = {isa = PBXBuildFile; fileRef = EA2589081CE2E7350060B6F2 /* HashtagViewController.swift */; };
		EA2A39ED1CFAAA6A00BC6C4A /* Info Button Icon.png in Resources */ = {isa = PBXBuildFile; fileRef = EA2A39EC1CFAAA6A00BC6C4A /* Info Button Icon.png */; };
		EA4426131D83D29F00CCC4C7 /* LLSimpleCamViewController.swift in Sources */ = {isa = PBXBuildFile; fileRef = EA4426121D83D29F00CCC4C7 /* LLSimpleCamViewController.swift */; };
		EA45773B1D7FD73800BF5936 /* Hashtag Icon@2x.png in Resources */ = {isa = PBXBuildFile; fileRef = EA45773A1D7FD73800BF5936 /* Hashtag Icon@2x.png */; };
		EA45773D1D7FD76800BF5936 /* Question Mark Icon@2x.png in Resources */ = {isa = PBXBuildFile; fileRef = EA45773C1D7FD76800BF5936 /* Question Mark Icon@2x.png */; };
		EA45773F1D7FDA8300BF5936 /* Back Arrow@2x.png in Resources */ = {isa = PBXBuildFile; fileRef = EA45773E1D7FDA8300BF5936 /* Back Arrow@2x.png */; };
		EA4577411D7FDB2000BF5936 /* Clock Icon@2x.png in Resources */ = {isa = PBXBuildFile; fileRef = EA4577401D7FDB2000BF5936 /* Clock Icon@2x.png */; };
		EA4577451D7FDCE700BF5936 /* Add People Icon@2x.png in Resources */ = {isa = PBXBuildFile; fileRef = EA4577441D7FDCE700BF5936 /* Add People Icon@2x.png */; };
		EA4577471D7FE19C00BF5936 /* Join Icon@2x.png in Resources */ = {isa = PBXBuildFile; fileRef = EA4577461D7FE19C00BF5936 /* Join Icon@2x.png */; };
		EA51623B1D792F590012B26B /* Alamofire.framework in Frameworks */ = {isa = PBXBuildFile; fileRef = EA5162301D792F590012B26B /* Alamofire.framework */; };
		EA51623C1D792F590012B26B /* AWSCore.framework in Frameworks */ = {isa = PBXBuildFile; fileRef = EA5162311D792F590012B26B /* AWSCore.framework */; };
		EA51623D1D792F590012B26B /* AWSS3.framework in Frameworks */ = {isa = PBXBuildFile; fileRef = EA5162321D792F590012B26B /* AWSS3.framework */; };
		EA51623E1D792F590012B26B /* Bolts.framework in Frameworks */ = {isa = PBXBuildFile; fileRef = EA5162331D792F590012B26B /* Bolts.framework */; };
		EA5162431D792F590012B26B /* FBSDKCoreKit.framework in Frameworks */ = {isa = PBXBuildFile; fileRef = EA5162381D792F590012B26B /* FBSDKCoreKit.framework */; };
		EA5162441D792F590012B26B /* FBSDKLoginKit.framework in Frameworks */ = {isa = PBXBuildFile; fileRef = EA5162391D792F590012B26B /* FBSDKLoginKit.framework */; };
		EA5162451D792F590012B26B /* FBSDKShareKit.framework in Frameworks */ = {isa = PBXBuildFile; fileRef = EA51623A1D792F590012B26B /* FBSDKShareKit.framework */; };
		EA5382DF1D7D25EA0044D059 /* ProfileIconView.swift in Sources */ = {isa = PBXBuildFile; fileRef = EA5382DE1D7D25EA0044D059 /* ProfileIconView.swift */; };
		EA5382E11D7D264B0044D059 /* ProfileIconView.xib in Resources */ = {isa = PBXBuildFile; fileRef = EA5382E01D7D264B0044D059 /* ProfileIconView.xib */; };
		EA566DE81D7BDBA200135CDB /* EventObject.swift in Sources */ = {isa = PBXBuildFile; fileRef = EA566DE71D7BDBA200135CDB /* EventObject.swift */; };
		EA5BC4831D237E1A00A066AC /* Back Arrow.pdf in Resources */ = {isa = PBXBuildFile; fileRef = EA5BC4821D237E1A00A066AC /* Back Arrow.pdf */; };
		EA5C850F1CFEB1F900A61033 /* Back-Arrow-Icons 1.png in Resources */ = {isa = PBXBuildFile; fileRef = EA5C85091CFEB1F900A61033 /* Back-Arrow-Icons 1.png */; };
		EA5C85101CFEB1F900A61033 /* Delet-Icon.png in Resources */ = {isa = PBXBuildFile; fileRef = EA5C850A1CFEB1F900A61033 /* Delet-Icon.png */; };
		EA5C85111CFEB1F900A61033 /* Light Arrow Icon.png in Resources */ = {isa = PBXBuildFile; fileRef = EA5C850B1CFEB1F900A61033 /* Light Arrow Icon.png */; };
		EA5C85121CFEB1F900A61033 /* Not Selected-Download-Button.png in Resources */ = {isa = PBXBuildFile; fileRef = EA5C850C1CFEB1F900A61033 /* Not Selected-Download-Button.png */; };
		EA5C85131CFEB1F900A61033 /* Selected-Download-Button.png in Resources */ = {isa = PBXBuildFile; fileRef = EA5C850D1CFEB1F900A61033 /* Selected-Download-Button.png */; };
		EA5C85141CFEB1F900A61033 /* Unselected Delete Icon.png in Resources */ = {isa = PBXBuildFile; fileRef = EA5C850E1CFEB1F900A61033 /* Unselected Delete Icon.png */; };
		EA5C85161CFFFB0800A61033 /* GalleryViewController.swift in Sources */ = {isa = PBXBuildFile; fileRef = EA5C85151CFFFB0800A61033 /* GalleryViewController.swift */; };
		EA5C85181D00032F00A61033 /* Gallery Icon.png in Resources */ = {isa = PBXBuildFile; fileRef = EA5C85171D00032F00A61033 /* Gallery Icon.png */; };
		EA5C851A1D0160BB00A61033 /* GalleryTableViewCell.swift in Sources */ = {isa = PBXBuildFile; fileRef = EA5C85191D0160BB00A61033 /* GalleryTableViewCell.swift */; };
		EA5D48581CF3AD0100B7D10D /* Minus Icon.png in Resources */ = {isa = PBXBuildFile; fileRef = EA5D48571CF3AD0100B7D10D /* Minus Icon.png */; };
		EA5D485A1CF3AD0F00B7D10D /* Plus Icon.png in Resources */ = {isa = PBXBuildFile; fileRef = EA5D48591CF3AD0F00B7D10D /* Plus Icon.png */; };
		EA6DA9561CF53C2E00B14A89 /* Email Icon.png in Resources */ = {isa = PBXBuildFile; fileRef = EA6DA9531CF53C2E00B14A89 /* Email Icon.png */; };
		EA6DA9571CF53C2E00B14A89 /* Text Icon.png in Resources */ = {isa = PBXBuildFile; fileRef = EA6DA9541CF53C2E00B14A89 /* Text Icon.png */; };
		EA6DA9581CF53C2E00B14A89 /* X-Icon.png in Resources */ = {isa = PBXBuildFile; fileRef = EA6DA9551CF53C2E00B14A89 /* X-Icon.png */; };
		EA6DA95A1CF53C3E00B14A89 /* Overview Icon.png in Resources */ = {isa = PBXBuildFile; fileRef = EA6DA9591CF53C3E00B14A89 /* Overview Icon.png */; };
		EA6DA95C1CF543B000B14A89 /* OverviewViewController.swift in Sources */ = {isa = PBXBuildFile; fileRef = EA6DA95B1CF543B000B14A89 /* OverviewViewController.swift */; };
		EA7114081D80F94E009B1846 /* OptionsMenuTableViewController.swift in Sources */ = {isa = PBXBuildFile; fileRef = EA7114071D80F94E009B1846 /* OptionsMenuTableViewController.swift */; };
		EA76B7641D03EF9800E2D593 /* Back-Arrow-Icons 2.png in Resources */ = {isa = PBXBuildFile; fileRef = EA76B7631D03EF9800E2D593 /* Back-Arrow-Icons 2.png */; };
		EA76B7661D03EFA400E2D593 /* Light Arrow Icon 2.png in Resources */ = {isa = PBXBuildFile; fileRef = EA76B7651D03EFA400E2D593 /* Light Arrow Icon 2.png */; };
		EA76B7681D053AEE00E2D593 /* InfoViewController.swift in Sources */ = {isa = PBXBuildFile; fileRef = EA76B7671D053AEE00E2D593 /* InfoViewController.swift */; };
		EA76B7721D07F14200E2D593 /* Photo Icon.png in Resources */ = {isa = PBXBuildFile; fileRef = EA76B76D1D07F14200E2D593 /* Photo Icon.png */; };
		EA76B7731D07F14200E2D593 /* Top Rated Icon.png in Resources */ = {isa = PBXBuildFile; fileRef = EA76B76E1D07F14200E2D593 /* Top Rated Icon.png */; };
		EA76B7741D07F14200E2D593 /* Video Icon.png in Resources */ = {isa = PBXBuildFile; fileRef = EA76B76F1D07F14200E2D593 /* Video Icon.png */; };
		EA76B7761D07F6CD00E2D593 /* FinalizeViewController.swift in Sources */ = {isa = PBXBuildFile; fileRef = EA76B7751D07F6CD00E2D593 /* FinalizeViewController.swift */; };
		EA76B7801D093F8200E2D593 /* Add Icons Icon.png in Resources */ = {isa = PBXBuildFile; fileRef = EA76B7771D093F8200E2D593 /* Add Icons Icon.png */; };
		EA76B7811D093F8200E2D593 /* Add Music Icon.png in Resources */ = {isa = PBXBuildFile; fileRef = EA76B7781D093F8200E2D593 /* Add Music Icon.png */; };
		EA76B7821D093F8200E2D593 /* Add Text Icon.png in Resources */ = {isa = PBXBuildFile; fileRef = EA76B7791D093F8200E2D593 /* Add Text Icon.png */; };
		EA76B7831D093F8200E2D593 /* Check-Mark-Icon.png in Resources */ = {isa = PBXBuildFile; fileRef = EA76B77A1D093F8200E2D593 /* Check-Mark-Icon.png */; };
		EA76B7851D093F8200E2D593 /* Pause Icon.png in Resources */ = {isa = PBXBuildFile; fileRef = EA76B77C1D093F8200E2D593 /* Pause Icon.png */; };
		EA76B7861D093F8200E2D593 /* Play Icon.png in Resources */ = {isa = PBXBuildFile; fileRef = EA76B77D1D093F8200E2D593 /* Play Icon.png */; };
		EA76B7871D093F8200E2D593 /* Preview-Icon.png in Resources */ = {isa = PBXBuildFile; fileRef = EA76B77E1D093F8200E2D593 /* Preview-Icon.png */; };
		EA76B7881D093F8200E2D593 /* Theme Icon.png in Resources */ = {isa = PBXBuildFile; fileRef = EA76B77F1D093F8200E2D593 /* Theme Icon.png */; };
		EA76B7921D0CBBD700E2D593 /* ThemeView.xib in Resources */ = {isa = PBXBuildFile; fileRef = EA76B7911D0CBBD700E2D593 /* ThemeView.xib */; };
		EA76B7991D0CBC7100E2D593 /* Full Selected.jpg in Resources */ = {isa = PBXBuildFile; fileRef = EA76B7941D0CBC7100E2D593 /* Full Selected.jpg */; };
		EA76B79A1D0CBC7100E2D593 /* Icon Selected.jpg in Resources */ = {isa = PBXBuildFile; fileRef = EA76B7951D0CBC7100E2D593 /* Icon Selected.jpg */; };
		EA76B79B1D0CBC7100E2D593 /* Music Selected.jpg in Resources */ = {isa = PBXBuildFile; fileRef = EA76B7961D0CBC7100E2D593 /* Music Selected.jpg */; };
		EA76B79C1D0CBC7100E2D593 /* Text Selected.jpg in Resources */ = {isa = PBXBuildFile; fileRef = EA76B7971D0CBC7100E2D593 /* Text Selected.jpg */; };
		EA76B79D1D0CBC7100E2D593 /* Theme Selected.jpg in Resources */ = {isa = PBXBuildFile; fileRef = EA76B7981D0CBC7100E2D593 /* Theme Selected.jpg */; };
		EA76B79F1D0CBD3000E2D593 /* GeneralView.swift in Sources */ = {isa = PBXBuildFile; fileRef = EA76B79E1D0CBD3000E2D593 /* GeneralView.swift */; };
		EA88D9BD1D71F67100345E84 /* LoginViewController.swift in Sources */ = {isa = PBXBuildFile; fileRef = EA88D9BC1D71F67100345E84 /* LoginViewController.swift */; };
		EA89D2F61CED4940005A6D43 /* GoogleService-Info.plist in Resources */ = {isa = PBXBuildFile; fileRef = EA89D2F51CED4940005A6D43 /* GoogleService-Info.plist */; };
		EA91ABB51CE43B2A00EA81BD /* PeopleViewController.swift in Sources */ = {isa = PBXBuildFile; fileRef = EA91ABB41CE43B2A00EA81BD /* PeopleViewController.swift */; };
		EA91ABB71CE43EAB00EA81BD /* EventTableViewCell.swift in Sources */ = {isa = PBXBuildFile; fileRef = EA91ABB61CE43EAB00EA81BD /* EventTableViewCell.swift */; };
		EA91ABBC1CE91E2D00EA81BD /* Back-Icon.png in Resources */ = {isa = PBXBuildFile; fileRef = EA91ABBA1CE91E2D00EA81BD /* Back-Icon.png */; };
		EA91ABBD1CE91E2D00EA81BD /* Hashtag.png in Resources */ = {isa = PBXBuildFile; fileRef = EA91ABBB1CE91E2D00EA81BD /* Hashtag.png */; };
		EAB7B2281CF2C498005D01CA /* TimeViewController.swift in Sources */ = {isa = PBXBuildFile; fileRef = EAB7B2271CF2C498005D01CA /* TimeViewController.swift */; };
		EABC87871CD5CE4D001A6C0F /* Property List.plist in Resources */ = {isa = PBXBuildFile; fileRef = EABC87861CD5CE4D001A6C0F /* Property List.plist */; };
		EAC553821DCEBADF001D4DE5 /* MorePeopleViewController.swift in Sources */ = {isa = PBXBuildFile; fileRef = EAC553811DCEBADF001D4DE5 /* MorePeopleViewController.swift */; };
		EAC553841DCEBAF9001D4DE5 /* MoreTimeViewController.swift in Sources */ = {isa = PBXBuildFile; fileRef = EAC553831DCEBAF9001D4DE5 /* MoreTimeViewController.swift */; };
		EAD415D11D31D28A00A9E644 /* TutorialPageViewController.swift in Sources */ = {isa = PBXBuildFile; fileRef = EAD415D01D31D28A00A9E644 /* TutorialPageViewController.swift */; };
		EAD487C11D84650A0059EB44 /* LLSimpleCamera.framework in Frameworks */ = {isa = PBXBuildFile; fileRef = EAD487C01D84650A0059EB44 /* LLSimpleCamera.framework */; };
		EAD487C31D8469FA0059EB44 /* PreviewImageViewController.swift in Sources */ = {isa = PBXBuildFile; fileRef = EAD487C21D8469FA0059EB44 /* PreviewImageViewController.swift */; };
		EAD487C51D846A2F0059EB44 /* PreviewVideoViewController.swift in Sources */ = {isa = PBXBuildFile; fileRef = EAD487C41D846A2F0059EB44 /* PreviewVideoViewController.swift */; };
		EAD487C71D8481BB0059EB44 /* Flip Camera Icon.png in Resources */ = {isa = PBXBuildFile; fileRef = EAD487C61D8481BB0059EB44 /* Flip Camera Icon.png */; };
		EAD487C91D8481E20059EB44 /* Home Icon.png in Resources */ = {isa = PBXBuildFile; fileRef = EAD487C81D8481E20059EB44 /* Home Icon.png */; };
		EAD487CB1D84835D0059EB44 /* SDevCircleButton.swift in Sources */ = {isa = PBXBuildFile; fileRef = EAD487CA1D84835D0059EB44 /* SDevCircleButton.swift */; };
		EAD487CD1D8498D60059EB44 /* ConvenientMethods.swift in Sources */ = {isa = PBXBuildFile; fileRef = EAD487CC1D8498D60059EB44 /* ConvenientMethods.swift */; };
		EAD510FA1DD585DA00C4C135 /* Options Icon.png in Resources */ = {isa = PBXBuildFile; fileRef = EAD510F91DD585DA00C4C135 /* Options Icon.png */; };
		EAD5112A1DD5A12700C4C135 /* Add a Hashtag Icon.png in Resources */ = {isa = PBXBuildFile; fileRef = EAD510FB1DD5A12700C4C135 /* Add a Hashtag Icon.png */; };
		EAD5112B1DD5A12700C4C135 /* Add Event Length Icon.png in Resources */ = {isa = PBXBuildFile; fileRef = EAD510FC1DD5A12700C4C135 /* Add Event Length Icon.png */; };
		EAD5112C1DD5A12700C4C135 /* Add People Icon.png in Resources */ = {isa = PBXBuildFile; fileRef = EAD510FD1DD5A12700C4C135 /* Add People Icon.png */; };
		EAD5112D1DD5A12700C4C135 /* Back Arrow Icon w_ line.png in Resources */ = {isa = PBXBuildFile; fileRef = EAD510FE1DD5A12700C4C135 /* Back Arrow Icon w_ line.png */; };
		EAD5112E1DD5A12700C4C135 /* Back Arrow Icon.png in Resources */ = {isa = PBXBuildFile; fileRef = EAD510FF1DD5A12700C4C135 /* Back Arrow Icon.png */; };
		EAD5112F1DD5A12700C4C135 /* Black Box.png in Resources */ = {isa = PBXBuildFile; fileRef = EAD511001DD5A12700C4C135 /* Black Box.png */; };
		EAD511301DD5A12700C4C135 /* Bottom Bar No Divider.png in Resources */ = {isa = PBXBuildFile; fileRef = EAD511011DD5A12700C4C135 /* Bottom Bar No Divider.png */; };
		EAD511311DD5A12700C4C135 /* Bottom Bar.png in Resources */ = {isa = PBXBuildFile; fileRef = EAD511021DD5A12700C4C135 /* Bottom Bar.png */; };
		EAD511321DD5A12700C4C135 /* Breaker Line.png in Resources */ = {isa = PBXBuildFile; fileRef = EAD511031DD5A12700C4C135 /* Breaker Line.png */; };
		EAD511331DD5A12700C4C135 /* Camera Circle.png in Resources */ = {isa = PBXBuildFile; fileRef = EAD511041DD5A12700C4C135 /* Camera Circle.png */; };
		EAD511341DD5A12700C4C135 /* Camera Icon.png in Resources */ = {isa = PBXBuildFile; fileRef = EAD511051DD5A12700C4C135 /* Camera Icon.png */; };
		EAD511351DD5A12700C4C135 /* Collab with Others Icon.png in Resources */ = {isa = PBXBuildFile; fileRef = EAD511061DD5A12700C4C135 /* Collab with Others Icon.png */; };
		EAD511361DD5A12700C4C135 /* Discard Icon.png in Resources */ = {isa = PBXBuildFile; fileRef = EAD511071DD5A12700C4C135 /* Discard Icon.png */; };
		EAD511371DD5A12700C4C135 /* Divider Thin.png in Resources */ = {isa = PBXBuildFile; fileRef = EAD511081DD5A12700C4C135 /* Divider Thin.png */; };
		EAD511381DD5A12700C4C135 /* Download Icon NOT Selected.png in Resources */ = {isa = PBXBuildFile; fileRef = EAD511091DD5A12700C4C135 /* Download Icon NOT Selected.png */; };
		EAD511391DD5A12700C4C135 /* Download Icon Selected.png in Resources */ = {isa = PBXBuildFile; fileRef = EAD5110A1DD5A12700C4C135 /* Download Icon Selected.png */; };
		EAD5113A1DD5A12700C4C135 /* Download Icon.png in Resources */ = {isa = PBXBuildFile; fileRef = EAD5110B1DD5A12700C4C135 /* Download Icon.png */; };
		EAD5113B1DD5A12700C4C135 /* Flash Off Icon.png in Resources */ = {isa = PBXBuildFile; fileRef = EAD5110C1DD5A12700C4C135 /* Flash Off Icon.png */; };
		EAD5113C1DD5A12700C4C135 /* Flash On Icon.png in Resources */ = {isa = PBXBuildFile; fileRef = EAD5110D1DD5A12700C4C135 /* Flash On Icon.png */; };
		EAD5113D1DD5A12700C4C135 /* Forward Arrow Icon.png in Resources */ = {isa = PBXBuildFile; fileRef = EAD5110E1DD5A12700C4C135 /* Forward Arrow Icon.png */; };
		EAD5113E1DD5A12700C4C135 /* Gallery Box.png in Resources */ = {isa = PBXBuildFile; fileRef = EAD5110F1DD5A12700C4C135 /* Gallery Box.png */; };
		EAD5113F1DD5A12700C4C135 /* Gray Text Box.png in Resources */ = {isa = PBXBuildFile; fileRef = EAD511101DD5A12700C4C135 /* Gray Text Box.png */; };
		EAD511401DD5A12700C4C135 /* In Progress Icon.png in Resources */ = {isa = PBXBuildFile; fileRef = EAD511121DD5A12700C4C135 /* In Progress Icon.png */; };
		EAD511411DD5A12700C4C135 /* Info Bar.png in Resources */ = {isa = PBXBuildFile; fileRef = EAD511131DD5A12700C4C135 /* Info Bar.png */; };
		EAD511421DD5A12700C4C135 /* Info Icon.png in Resources */ = {isa = PBXBuildFile; fileRef = EAD511141DD5A12700C4C135 /* Info Icon.png */; };
		EAD511431DD5A12700C4C135 /* Invite Icon.png in Resources */ = {isa = PBXBuildFile; fileRef = EAD511151DD5A12700C4C135 /* Invite Icon.png */; };
		EAD511441DD5A12700C4C135 /* Join Event Icon.png in Resources */ = {isa = PBXBuildFile; fileRef = EAD511161DD5A12700C4C135 /* Join Event Icon.png */; };
		EAD511451DD5A12700C4C135 /* Keep Icon.png in Resources */ = {isa = PBXBuildFile; fileRef = EAD511171DD5A12700C4C135 /* Keep Icon.png */; };
		EAD511461DD5A12700C4C135 /* L Top Bar.png in Resources */ = {isa = PBXBuildFile; fileRef = EAD511181DD5A12700C4C135 /* L Top Bar.png */; };
		EAD511471DD5A12700C4C135 /* Location Icon.png in Resources */ = {isa = PBXBuildFile; fileRef = EAD511191DD5A12700C4C135 /* Location Icon.png */; };
		EAD511481DD5A12700C4C135 /* Others Icon NOT selected.png in Resources */ = {isa = PBXBuildFile; fileRef = EAD5111A1DD5A12700C4C135 /* Others Icon NOT selected.png */; };
		EAD511491DD5A12700C4C135 /* Others Icon Selected.png in Resources */ = {isa = PBXBuildFile; fileRef = EAD5111B1DD5A12700C4C135 /* Others Icon Selected.png */; };
		EAD5114A1DD5A12700C4C135 /* Paper Airplane Icon.png in Resources */ = {isa = PBXBuildFile; fileRef = EAD5111C1DD5A12700C4C135 /* Paper Airplane Icon.png */; };
		EAD5114B1DD5A12700C4C135 /* Person Icon.png in Resources */ = {isa = PBXBuildFile; fileRef = EAD5111D1DD5A12700C4C135 /* Person Icon.png */; };
		EAD5114C1DD5A12700C4C135 /* Search Bar.png in Resources */ = {isa = PBXBuildFile; fileRef = EAD5111E1DD5A12700C4C135 /* Search Bar.png */; };
		EAD5114D1DD5A12700C4C135 /* Settings Icon.png in Resources */ = {isa = PBXBuildFile; fileRef = EAD5111F1DD5A12700C4C135 /* Settings Icon.png */; };
		EAD5114E1DD5A12700C4C135 /* Text Box.png in Resources */ = {isa = PBXBuildFile; fileRef = EAD511201DD5A12700C4C135 /* Text Box.png */; };
		EAD5114F1DD5A12700C4C135 /* Thumbs Up Icon.png in Resources */ = {isa = PBXBuildFile; fileRef = EAD511211DD5A12700C4C135 /* Thumbs Up Icon.png */; };
		EAD511501DD5A12700C4C135 /* Time Icon.png in Resources */ = {isa = PBXBuildFile; fileRef = EAD511221DD5A12700C4C135 /* Time Icon.png */; };
		EAD511511DD5A12700C4C135 /* Trash Icon.png in Resources */ = {isa = PBXBuildFile; fileRef = EAD511231DD5A12700C4C135 /* Trash Icon.png */; };
		EAD511521DD5A12700C4C135 /* Up Arrow Icon Not Selected.png in Resources */ = {isa = PBXBuildFile; fileRef = EAD511241DD5A12700C4C135 /* Up Arrow Icon Not Selected.png */; };
		EAD511531DD5A12700C4C135 /* Wallpaper.png in Resources */ = {isa = PBXBuildFile; fileRef = EAD511251DD5A12700C4C135 /* Wallpaper.png */; };
		EAD511541DD5A12700C4C135 /* White Text Box.png in Resources */ = {isa = PBXBuildFile; fileRef = EAD511261DD5A12700C4C135 /* White Text Box.png */; };
		EAD511551DD5A12700C4C135 /* X Icon.png in Resources */ = {isa = PBXBuildFile; fileRef = EAD511271DD5A12700C4C135 /* X Icon.png */; };
		EAD511561DD5A12700C4C135 /* You Icon NOT Selected.png in Resources */ = {isa = PBXBuildFile; fileRef = EAD511281DD5A12700C4C135 /* You Icon NOT Selected.png */; };
		EAD511571DD5A12700C4C135 /* You Icon Selected.png in Resources */ = {isa = PBXBuildFile; fileRef = EAD511291DD5A12700C4C135 /* You Icon Selected.png */; };
		EAD511591DD6CB9800C4C135 /* FullscreenImageViewController.swift in Sources */ = {isa = PBXBuildFile; fileRef = EAD511581DD6CB9800C4C135 /* FullscreenImageViewController.swift */; };
		EAD5115B1DD7829F00C4C135 /* FriendListTableViewCell.swift in Sources */ = {isa = PBXBuildFile; fileRef = EAD5115A1DD7829F00C4C135 /* FriendListTableViewCell.swift */; };
		EAD5115D1DD791B600C4C135 /* People Icon.png in Resources */ = {isa = PBXBuildFile; fileRef = EAD5115C1DD791B600C4C135 /* People Icon.png */; };
		EAD5115F1DD791BD00C4C135 /* Invite Circle Icon.png in Resources */ = {isa = PBXBuildFile; fileRef = EAD5115E1DD791BD00C4C135 /* Invite Circle Icon.png */; };
		EAD511611DD7941200C4C135 /* MapViewController.swift in Sources */ = {isa = PBXBuildFile; fileRef = EAD511601DD7941200C4C135 /* MapViewController.swift */; };
		EAD511631DD7A24F00C4C135 /* ConfirmJoinEventViewController.swift in Sources */ = {isa = PBXBuildFile; fileRef = EAD511621DD7A24F00C4C135 /* ConfirmJoinEventViewController.swift */; };
		EAE09C891DD810AD00A7B8CE /* ErrorViewController.swift in Sources */ = {isa = PBXBuildFile; fileRef = EAE09C881DD810AD00A7B8CE /* ErrorViewController.swift */; };
		EAF1CA4C1D98514000E1A769 /* GalleryVideoTableViewCell.swift in Sources */ = {isa = PBXBuildFile; fileRef = EAF1CA4B1D98514000E1A769 /* GalleryVideoTableViewCell.swift */; };
		EAF1CA4E1D9CD28E00E1A769 /* Bar Icon.png in Resources */ = {isa = PBXBuildFile; fileRef = EAF1CA4D1D9CD28E00E1A769 /* Bar Icon.png */; };
/* End PBXBuildFile section */

/* Begin PBXContainerItemProxy section */
		EA21DAB21CD083D200786F30 /* PBXContainerItemProxy */ = {
			isa = PBXContainerItemProxy;
			containerPortal = EA21DA951CD083D200786F30 /* Project object */;
			proxyType = 1;
			remoteGlobalIDString = EA21DA9C1CD083D200786F30;
			remoteInfo = Koalie;
		};
		EA21DABD1CD083D200786F30 /* PBXContainerItemProxy */ = {
			isa = PBXContainerItemProxy;
			containerPortal = EA21DA951CD083D200786F30 /* Project object */;
			proxyType = 1;
			remoteGlobalIDString = EA21DA9C1CD083D200786F30;
			remoteInfo = Koalie;
		};
/* End PBXContainerItemProxy section */

/* Begin PBXFileReference section */
		2FC53746E7F0974862CA2E41 /* Pods.framework */ = {isa = PBXFileReference; explicitFileType = wrapper.framework; includeInIndex = 0; path = Pods.framework; sourceTree = BUILT_PRODUCTS_DIR; };
		4C9625CEC048A06C5DF0463C /* Pods_KoalieTests.framework */ = {isa = PBXFileReference; explicitFileType = wrapper.framework; includeInIndex = 0; path = Pods_KoalieTests.framework; sourceTree = BUILT_PRODUCTS_DIR; };
		57913BACC131EB2D8449B833 /* Pods-KoalieTests.debug.xcconfig */ = {isa = PBXFileReference; includeInIndex = 1; lastKnownFileType = text.xcconfig; name = "Pods-KoalieTests.debug.xcconfig"; path = "Pods/Target Support Files/Pods-KoalieTests/Pods-KoalieTests.debug.xcconfig"; sourceTree = "<group>"; };
		6D8E137456BCFDDD0FF4F953 /* Pods-KoalieTests.release.xcconfig */ = {isa = PBXFileReference; includeInIndex = 1; lastKnownFileType = text.xcconfig; name = "Pods-KoalieTests.release.xcconfig"; path = "Pods/Target Support Files/Pods-KoalieTests/Pods-KoalieTests.release.xcconfig"; sourceTree = "<group>"; };
		C490D9EE5C9A7C536B5F17FE /* Pods-Koalie.debug.xcconfig */ = {isa = PBXFileReference; includeInIndex = 1; lastKnownFileType = text.xcconfig; name = "Pods-Koalie.debug.xcconfig"; path = "Pods/Target Support Files/Pods-Koalie/Pods-Koalie.debug.xcconfig"; sourceTree = "<group>"; };
		D507CAABDCE0583DAEDACEFF /* Pods_Koalie.framework */ = {isa = PBXFileReference; explicitFileType = wrapper.framework; includeInIndex = 0; path = Pods_Koalie.framework; sourceTree = BUILT_PRODUCTS_DIR; };
		E2C2E589A163D5DB6D7D7D47 /* Pods-Koalie.release.xcconfig */ = {isa = PBXFileReference; includeInIndex = 1; lastKnownFileType = text.xcconfig; name = "Pods-Koalie.release.xcconfig"; path = "Pods/Target Support Files/Pods-Koalie/Pods-Koalie.release.xcconfig"; sourceTree = "<group>"; };
		EA02ED201D9E2A48006BE585 /* InfoMenuViewController.swift */ = {isa = PBXFileReference; fileEncoding = 4; lastKnownFileType = sourcecode.swift; path = InfoMenuViewController.swift; sourceTree = "<group>"; };
		EA0ACBFB1DD43DA40038179F /* TimeInfoViewController.swift */ = {isa = PBXFileReference; fileEncoding = 4; lastKnownFileType = sourcecode.swift; path = TimeInfoViewController.swift; sourceTree = "<group>"; };
		EA0ACBFD1DD43DAF0038179F /* PeopleInfoViewController.swift */ = {isa = PBXFileReference; fileEncoding = 4; lastKnownFileType = sourcecode.swift; path = PeopleInfoViewController.swift; sourceTree = "<group>"; };
		EA163E111DBF170D009FDC2D /* App-Icon-Template.png */ = {isa = PBXFileReference; lastKnownFileType = image.png; path = "App-Icon-Template.png"; sourceTree = "<group>"; };
		EA1F58F71D7B772A00EAEBDE /* Wallpaper for App.png */ = {isa = PBXFileReference; lastKnownFileType = image.png; path = "Wallpaper for App.png"; sourceTree = "<group>"; };
		EA1F58F91D7B798B00EAEBDE /* Koalie Logo.png */ = {isa = PBXFileReference; lastKnownFileType = image.png; path = "Koalie Logo.png"; sourceTree = "<group>"; };
		EA1F58FB1D7B81D000EAEBDE /* upload_test.jpg */ = {isa = PBXFileReference; lastKnownFileType = image.jpeg; path = upload_test.jpg; sourceTree = "<group>"; };
		EA1F58FD1D7B933200EAEBDE /* JoinEventViewController.swift */ = {isa = PBXFileReference; fileEncoding = 4; lastKnownFileType = sourcecode.swift; path = JoinEventViewController.swift; sourceTree = "<group>"; };
		EA21DA9D1CD083D200786F30 /* Koalie.app */ = {isa = PBXFileReference; explicitFileType = wrapper.application; includeInIndex = 0; path = Koalie.app; sourceTree = BUILT_PRODUCTS_DIR; };
		EA21DAA01CD083D200786F30 /* AppDelegate.swift */ = {isa = PBXFileReference; lastKnownFileType = sourcecode.swift; path = AppDelegate.swift; sourceTree = "<group>"; };
		EA21DAA51CD083D200786F30 /* Base */ = {isa = PBXFileReference; lastKnownFileType = file.storyboard; name = Base; path = Base.lproj/Main.storyboard; sourceTree = "<group>"; };
		EA21DAA71CD083D200786F30 /* Assets.xcassets */ = {isa = PBXFileReference; lastKnownFileType = folder.assetcatalog; path = Assets.xcassets; sourceTree = "<group>"; };
		EA21DAAA1CD083D200786F30 /* Base */ = {isa = PBXFileReference; lastKnownFileType = file.storyboard; name = Base; path = Base.lproj/LaunchScreen.storyboard; sourceTree = "<group>"; };
		EA21DAAC1CD083D200786F30 /* Info.plist */ = {isa = PBXFileReference; lastKnownFileType = text.plist.xml; path = Info.plist; sourceTree = "<group>"; };
		EA21DAB11CD083D200786F30 /* KoalieTests.xctest */ = {isa = PBXFileReference; explicitFileType = wrapper.cfbundle; includeInIndex = 0; path = KoalieTests.xctest; sourceTree = BUILT_PRODUCTS_DIR; };
		EA21DAB51CD083D200786F30 /* KoalieTests.swift */ = {isa = PBXFileReference; lastKnownFileType = sourcecode.swift; path = KoalieTests.swift; sourceTree = "<group>"; };
		EA21DAB71CD083D200786F30 /* Info.plist */ = {isa = PBXFileReference; lastKnownFileType = text.plist.xml; path = Info.plist; sourceTree = "<group>"; };
		EA21DABC1CD083D200786F30 /* KoalieUITests.xctest */ = {isa = PBXFileReference; explicitFileType = wrapper.cfbundle; includeInIndex = 0; path = KoalieUITests.xctest; sourceTree = BUILT_PRODUCTS_DIR; };
		EA21DAC01CD083D300786F30 /* KoalieUITests.swift */ = {isa = PBXFileReference; lastKnownFileType = sourcecode.swift; path = KoalieUITests.swift; sourceTree = "<group>"; };
		EA21DAC21CD083D300786F30 /* Info.plist */ = {isa = PBXFileReference; lastKnownFileType = text.plist.xml; path = Info.plist; sourceTree = "<group>"; };
		EA2588FD1CE04A550060B6F2 /* HomeViewController.swift */ = {isa = PBXFileReference; fileEncoding = 4; lastKnownFileType = sourcecode.swift; path = HomeViewController.swift; sourceTree = "<group>"; };
		EA2588FF1CE0518E0060B6F2 /* KoalieLogo.png */ = {isa = PBXFileReference; lastKnownFileType = image.png; name = KoalieLogo.png; path = images/KoalieLogo.png; sourceTree = "<group>"; };
		EA2589001CE0518E0060B6F2 /* Load Screen.jpg */ = {isa = PBXFileReference; lastKnownFileType = image.jpeg; name = "Load Screen.jpg"; path = "images/Load Screen.jpg"; sourceTree = "<group>"; };
		EA2589041CE2E2D20060B6F2 /* File.swift */ = {isa = PBXFileReference; fileEncoding = 4; lastKnownFileType = sourcecode.swift; path = File.swift; sourceTree = "<group>"; };
		EA2589081CE2E7350060B6F2 /* HashtagViewController.swift */ = {isa = PBXFileReference; fileEncoding = 4; lastKnownFileType = sourcecode.swift; path = HashtagViewController.swift; sourceTree = "<group>"; };
		EA2A39EC1CFAAA6A00BC6C4A /* Info Button Icon.png */ = {isa = PBXFileReference; lastKnownFileType = image.png; path = "Info Button Icon.png"; sourceTree = "<group>"; };
		EA41BAE31D935BE2004A69D4 /* Koalie.entitlements */ = {isa = PBXFileReference; lastKnownFileType = text.plist.entitlements; path = Koalie.entitlements; sourceTree = "<group>"; };
		EA4426121D83D29F00CCC4C7 /* LLSimpleCamViewController.swift */ = {isa = PBXFileReference; fileEncoding = 4; lastKnownFileType = sourcecode.swift; path = LLSimpleCamViewController.swift; sourceTree = "<group>"; };
		EA4426141D83D43500CCC4C7 /* Koalie-Bridging-Header.h */ = {isa = PBXFileReference; lastKnownFileType = sourcecode.c.h; path = "Koalie-Bridging-Header.h"; sourceTree = "<group>"; };
		EA45773A1D7FD73800BF5936 /* Hashtag Icon@2x.png */ = {isa = PBXFileReference; lastKnownFileType = image.png; path = "Hashtag Icon@2x.png"; sourceTree = "<group>"; };
		EA45773C1D7FD76800BF5936 /* Question Mark Icon@2x.png */ = {isa = PBXFileReference; lastKnownFileType = image.png; path = "Question Mark Icon@2x.png"; sourceTree = "<group>"; };
		EA45773E1D7FDA8300BF5936 /* Back Arrow@2x.png */ = {isa = PBXFileReference; lastKnownFileType = image.png; path = "Back Arrow@2x.png"; sourceTree = "<group>"; };
		EA4577401D7FDB2000BF5936 /* Clock Icon@2x.png */ = {isa = PBXFileReference; lastKnownFileType = image.png; path = "Clock Icon@2x.png"; sourceTree = "<group>"; };
		EA4577441D7FDCE700BF5936 /* Add People Icon@2x.png */ = {isa = PBXFileReference; lastKnownFileType = image.png; path = "Add People Icon@2x.png"; sourceTree = "<group>"; };
		EA4577461D7FE19C00BF5936 /* Join Icon@2x.png */ = {isa = PBXFileReference; lastKnownFileType = image.png; path = "Join Icon@2x.png"; sourceTree = "<group>"; };
		EA5162301D792F590012B26B /* Alamofire.framework */ = {isa = PBXFileReference; lastKnownFileType = wrapper.framework; name = Alamofire.framework; path = "../../../../Library/Developer/Xcode/DerivedData/Koalie-fttaifzwsnyhcodpwezrgyxydhln/Build/Products/Debug-iphoneos/Alamofire.framework"; sourceTree = "<group>"; };
		EA5162311D792F590012B26B /* AWSCore.framework */ = {isa = PBXFileReference; lastKnownFileType = wrapper.framework; name = AWSCore.framework; path = "../../../../Library/Developer/Xcode/DerivedData/Koalie-fttaifzwsnyhcodpwezrgyxydhln/Build/Products/Debug-iphoneos/AWSCore.framework"; sourceTree = "<group>"; };
		EA5162321D792F590012B26B /* AWSS3.framework */ = {isa = PBXFileReference; lastKnownFileType = wrapper.framework; name = AWSS3.framework; path = "../../../../Library/Developer/Xcode/DerivedData/Koalie-fttaifzwsnyhcodpwezrgyxydhln/Build/Products/Debug-iphoneos/AWSS3.framework"; sourceTree = "<group>"; };
		EA5162331D792F590012B26B /* Bolts.framework */ = {isa = PBXFileReference; lastKnownFileType = wrapper.framework; name = Bolts.framework; path = "../../../../Library/Developer/Xcode/DerivedData/Koalie-fttaifzwsnyhcodpwezrgyxydhln/Build/Products/Debug-iphoneos/Bolts.framework"; sourceTree = "<group>"; };
		EA5162341D792F590012B26B /* DKCamera.framework */ = {isa = PBXFileReference; lastKnownFileType = wrapper.framework; name = DKCamera.framework; path = "../../../../Library/Developer/Xcode/DerivedData/Koalie-fttaifzwsnyhcodpwezrgyxydhln/Build/Products/Debug-iphoneos/DKCamera.framework"; sourceTree = "<group>"; };
		EA5162351D792F590012B26B /* FacebookCore.framework */ = {isa = PBXFileReference; lastKnownFileType = wrapper.framework; name = FacebookCore.framework; path = "../../../../Library/Developer/Xcode/DerivedData/Koalie-fttaifzwsnyhcodpwezrgyxydhln/Build/Products/Debug-iphoneos/FacebookCore.framework"; sourceTree = "<group>"; };
		EA5162361D792F590012B26B /* FacebookLogin.framework */ = {isa = PBXFileReference; lastKnownFileType = wrapper.framework; name = FacebookLogin.framework; path = "Pods/../build/Debug-iphoneos/FacebookLogin.framework"; sourceTree = "<group>"; };
		EA5162371D792F590012B26B /* FacebookShare.framework */ = {isa = PBXFileReference; lastKnownFileType = wrapper.framework; name = FacebookShare.framework; path = "Pods/../build/Debug-iphoneos/FacebookShare.framework"; sourceTree = "<group>"; };
		EA5162381D792F590012B26B /* FBSDKCoreKit.framework */ = {isa = PBXFileReference; lastKnownFileType = wrapper.framework; name = FBSDKCoreKit.framework; path = "../../../../Library/Developer/Xcode/DerivedData/Koalie-fttaifzwsnyhcodpwezrgyxydhln/Build/Products/Debug-iphoneos/FBSDKCoreKit.framework"; sourceTree = "<group>"; };
		EA5162391D792F590012B26B /* FBSDKLoginKit.framework */ = {isa = PBXFileReference; lastKnownFileType = wrapper.framework; name = FBSDKLoginKit.framework; path = "../../../../Library/Developer/Xcode/DerivedData/Koalie-fttaifzwsnyhcodpwezrgyxydhln/Build/Products/Debug-iphoneos/FBSDKLoginKit.framework"; sourceTree = "<group>"; };
		EA51623A1D792F590012B26B /* FBSDKShareKit.framework */ = {isa = PBXFileReference; lastKnownFileType = wrapper.framework; name = FBSDKShareKit.framework; path = "../../../../Library/Developer/Xcode/DerivedData/Koalie-fttaifzwsnyhcodpwezrgyxydhln/Build/Products/Debug-iphoneos/FBSDKShareKit.framework"; sourceTree = "<group>"; };
		EA5382DE1D7D25EA0044D059 /* ProfileIconView.swift */ = {isa = PBXFileReference; fileEncoding = 4; lastKnownFileType = sourcecode.swift; path = ProfileIconView.swift; sourceTree = "<group>"; };
		EA5382E01D7D264B0044D059 /* ProfileIconView.xib */ = {isa = PBXFileReference; fileEncoding = 4; lastKnownFileType = file.xib; path = ProfileIconView.xib; sourceTree = "<group>"; };
		EA566DE71D7BDBA200135CDB /* EventObject.swift */ = {isa = PBXFileReference; fileEncoding = 4; lastKnownFileType = sourcecode.swift; path = EventObject.swift; sourceTree = "<group>"; };
		EA5BC4821D237E1A00A066AC /* Back Arrow.pdf */ = {isa = PBXFileReference; lastKnownFileType = image.pdf; path = "Back Arrow.pdf"; sourceTree = "<group>"; };
		EA5C85091CFEB1F900A61033 /* Back-Arrow-Icons 1.png */ = {isa = PBXFileReference; lastKnownFileType = image.png; path = "Back-Arrow-Icons 1.png"; sourceTree = "<group>"; };
		EA5C850A1CFEB1F900A61033 /* Delet-Icon.png */ = {isa = PBXFileReference; lastKnownFileType = image.png; path = "Delet-Icon.png"; sourceTree = "<group>"; };
		EA5C850B1CFEB1F900A61033 /* Light Arrow Icon.png */ = {isa = PBXFileReference; lastKnownFileType = image.png; path = "Light Arrow Icon.png"; sourceTree = "<group>"; };
		EA5C850C1CFEB1F900A61033 /* Not Selected-Download-Button.png */ = {isa = PBXFileReference; lastKnownFileType = image.png; path = "Not Selected-Download-Button.png"; sourceTree = "<group>"; };
		EA5C850D1CFEB1F900A61033 /* Selected-Download-Button.png */ = {isa = PBXFileReference; lastKnownFileType = image.png; path = "Selected-Download-Button.png"; sourceTree = "<group>"; };
		EA5C850E1CFEB1F900A61033 /* Unselected Delete Icon.png */ = {isa = PBXFileReference; lastKnownFileType = image.png; path = "Unselected Delete Icon.png"; sourceTree = "<group>"; };
		EA5C85151CFFFB0800A61033 /* GalleryViewController.swift */ = {isa = PBXFileReference; fileEncoding = 4; lastKnownFileType = sourcecode.swift; path = GalleryViewController.swift; sourceTree = "<group>"; };
		EA5C85171D00032F00A61033 /* Gallery Icon.png */ = {isa = PBXFileReference; lastKnownFileType = image.png; path = "Gallery Icon.png"; sourceTree = "<group>"; };
		EA5C85191D0160BB00A61033 /* GalleryTableViewCell.swift */ = {isa = PBXFileReference; fileEncoding = 4; lastKnownFileType = sourcecode.swift; path = GalleryTableViewCell.swift; sourceTree = "<group>"; };
		EA5D48571CF3AD0100B7D10D /* Minus Icon.png */ = {isa = PBXFileReference; lastKnownFileType = image.png; path = "Minus Icon.png"; sourceTree = "<group>"; };
		EA5D48591CF3AD0F00B7D10D /* Plus Icon.png */ = {isa = PBXFileReference; lastKnownFileType = image.png; path = "Plus Icon.png"; sourceTree = "<group>"; };
		EA6DA9531CF53C2E00B14A89 /* Email Icon.png */ = {isa = PBXFileReference; lastKnownFileType = image.png; path = "Email Icon.png"; sourceTree = "<group>"; };
		EA6DA9541CF53C2E00B14A89 /* Text Icon.png */ = {isa = PBXFileReference; lastKnownFileType = image.png; path = "Text Icon.png"; sourceTree = "<group>"; };
		EA6DA9551CF53C2E00B14A89 /* X-Icon.png */ = {isa = PBXFileReference; lastKnownFileType = image.png; path = "X-Icon.png"; sourceTree = "<group>"; };
		EA6DA9591CF53C3E00B14A89 /* Overview Icon.png */ = {isa = PBXFileReference; lastKnownFileType = image.png; path = "Overview Icon.png"; sourceTree = "<group>"; };
		EA6DA95B1CF543B000B14A89 /* OverviewViewController.swift */ = {isa = PBXFileReference; fileEncoding = 4; lastKnownFileType = sourcecode.swift; path = OverviewViewController.swift; sourceTree = "<group>"; };
		EA7114071D80F94E009B1846 /* OptionsMenuTableViewController.swift */ = {isa = PBXFileReference; fileEncoding = 4; lastKnownFileType = sourcecode.swift; path = OptionsMenuTableViewController.swift; sourceTree = "<group>"; };
		EA76B7631D03EF9800E2D593 /* Back-Arrow-Icons 2.png */ = {isa = PBXFileReference; lastKnownFileType = image.png; path = "Back-Arrow-Icons 2.png"; sourceTree = "<group>"; };
		EA76B7651D03EFA400E2D593 /* Light Arrow Icon 2.png */ = {isa = PBXFileReference; lastKnownFileType = image.png; path = "Light Arrow Icon 2.png"; sourceTree = "<group>"; };
		EA76B7671D053AEE00E2D593 /* InfoViewController.swift */ = {isa = PBXFileReference; fileEncoding = 4; lastKnownFileType = sourcecode.swift; path = InfoViewController.swift; sourceTree = "<group>"; };
		EA76B76D1D07F14200E2D593 /* Photo Icon.png */ = {isa = PBXFileReference; lastKnownFileType = image.png; path = "Photo Icon.png"; sourceTree = "<group>"; };
		EA76B76E1D07F14200E2D593 /* Top Rated Icon.png */ = {isa = PBXFileReference; lastKnownFileType = image.png; path = "Top Rated Icon.png"; sourceTree = "<group>"; };
		EA76B76F1D07F14200E2D593 /* Video Icon.png */ = {isa = PBXFileReference; lastKnownFileType = image.png; path = "Video Icon.png"; sourceTree = "<group>"; };
		EA76B7751D07F6CD00E2D593 /* FinalizeViewController.swift */ = {isa = PBXFileReference; fileEncoding = 4; lastKnownFileType = sourcecode.swift; path = FinalizeViewController.swift; sourceTree = "<group>"; };
		EA76B7771D093F8200E2D593 /* Add Icons Icon.png */ = {isa = PBXFileReference; lastKnownFileType = image.png; path = "Add Icons Icon.png"; sourceTree = "<group>"; };
		EA76B7781D093F8200E2D593 /* Add Music Icon.png */ = {isa = PBXFileReference; lastKnownFileType = image.png; path = "Add Music Icon.png"; sourceTree = "<group>"; };
		EA76B7791D093F8200E2D593 /* Add Text Icon.png */ = {isa = PBXFileReference; lastKnownFileType = image.png; path = "Add Text Icon.png"; sourceTree = "<group>"; };
		EA76B77A1D093F8200E2D593 /* Check-Mark-Icon.png */ = {isa = PBXFileReference; lastKnownFileType = image.png; path = "Check-Mark-Icon.png"; sourceTree = "<group>"; };
		EA76B77C1D093F8200E2D593 /* Pause Icon.png */ = {isa = PBXFileReference; lastKnownFileType = image.png; path = "Pause Icon.png"; sourceTree = "<group>"; };
		EA76B77D1D093F8200E2D593 /* Play Icon.png */ = {isa = PBXFileReference; lastKnownFileType = image.png; path = "Play Icon.png"; sourceTree = "<group>"; };
		EA76B77E1D093F8200E2D593 /* Preview-Icon.png */ = {isa = PBXFileReference; lastKnownFileType = image.png; path = "Preview-Icon.png"; sourceTree = "<group>"; };
		EA76B77F1D093F8200E2D593 /* Theme Icon.png */ = {isa = PBXFileReference; lastKnownFileType = image.png; path = "Theme Icon.png"; sourceTree = "<group>"; };
		EA76B7911D0CBBD700E2D593 /* ThemeView.xib */ = {isa = PBXFileReference; fileEncoding = 4; lastKnownFileType = file.xib; path = ThemeView.xib; sourceTree = "<group>"; };
		EA76B7941D0CBC7100E2D593 /* Full Selected.jpg */ = {isa = PBXFileReference; lastKnownFileType = image.jpeg; path = "Full Selected.jpg"; sourceTree = "<group>"; };
		EA76B7951D0CBC7100E2D593 /* Icon Selected.jpg */ = {isa = PBXFileReference; lastKnownFileType = image.jpeg; path = "Icon Selected.jpg"; sourceTree = "<group>"; };
		EA76B7961D0CBC7100E2D593 /* Music Selected.jpg */ = {isa = PBXFileReference; lastKnownFileType = image.jpeg; path = "Music Selected.jpg"; sourceTree = "<group>"; };
		EA76B7971D0CBC7100E2D593 /* Text Selected.jpg */ = {isa = PBXFileReference; lastKnownFileType = image.jpeg; path = "Text Selected.jpg"; sourceTree = "<group>"; };
		EA76B7981D0CBC7100E2D593 /* Theme Selected.jpg */ = {isa = PBXFileReference; lastKnownFileType = image.jpeg; path = "Theme Selected.jpg"; sourceTree = "<group>"; };
		EA76B79E1D0CBD3000E2D593 /* GeneralView.swift */ = {isa = PBXFileReference; fileEncoding = 4; lastKnownFileType = sourcecode.swift; path = GeneralView.swift; sourceTree = "<group>"; };
		EA88D9BC1D71F67100345E84 /* LoginViewController.swift */ = {isa = PBXFileReference; fileEncoding = 4; lastKnownFileType = sourcecode.swift; path = LoginViewController.swift; sourceTree = "<group>"; };
		EA89D2F51CED4940005A6D43 /* GoogleService-Info.plist */ = {isa = PBXFileReference; fileEncoding = 4; lastKnownFileType = text.plist.xml; path = "GoogleService-Info.plist"; sourceTree = "<group>"; };
		EA91ABB41CE43B2A00EA81BD /* PeopleViewController.swift */ = {isa = PBXFileReference; fileEncoding = 4; lastKnownFileType = sourcecode.swift; path = PeopleViewController.swift; sourceTree = "<group>"; };
		EA91ABB61CE43EAB00EA81BD /* EventTableViewCell.swift */ = {isa = PBXFileReference; fileEncoding = 4; lastKnownFileType = sourcecode.swift; path = EventTableViewCell.swift; sourceTree = "<group>"; };
		EA91ABBA1CE91E2D00EA81BD /* Back-Icon.png */ = {isa = PBXFileReference; lastKnownFileType = image.png; name = "Back-Icon.png"; path = "images/Back-Icon.png"; sourceTree = "<group>"; };
		EA91ABBB1CE91E2D00EA81BD /* Hashtag.png */ = {isa = PBXFileReference; lastKnownFileType = image.png; name = Hashtag.png; path = images/Hashtag.png; sourceTree = "<group>"; };
		EAB7B2271CF2C498005D01CA /* TimeViewController.swift */ = {isa = PBXFileReference; fileEncoding = 4; lastKnownFileType = sourcecode.swift; path = TimeViewController.swift; sourceTree = "<group>"; };
		EABC87861CD5CE4D001A6C0F /* Property List.plist */ = {isa = PBXFileReference; fileEncoding = 4; lastKnownFileType = text.plist.xml; path = "Property List.plist"; sourceTree = "<group>"; };
		EAC553811DCEBADF001D4DE5 /* MorePeopleViewController.swift */ = {isa = PBXFileReference; fileEncoding = 4; lastKnownFileType = sourcecode.swift; path = MorePeopleViewController.swift; sourceTree = "<group>"; };
		EAC553831DCEBAF9001D4DE5 /* MoreTimeViewController.swift */ = {isa = PBXFileReference; fileEncoding = 4; lastKnownFileType = sourcecode.swift; path = MoreTimeViewController.swift; sourceTree = "<group>"; };
		EAD415D01D31D28A00A9E644 /* TutorialPageViewController.swift */ = {isa = PBXFileReference; fileEncoding = 4; lastKnownFileType = sourcecode.swift; path = TutorialPageViewController.swift; sourceTree = "<group>"; };
		EAD487C01D84650A0059EB44 /* LLSimpleCamera.framework */ = {isa = PBXFileReference; lastKnownFileType = wrapper.framework; name = LLSimpleCamera.framework; path = "../../../../Library/Developer/Xcode/DerivedData/Koalie-fttaifzwsnyhcodpwezrgyxydhln/Build/Products/Debug-iphoneos/LLSimpleCamera.framework"; sourceTree = "<group>"; };
		EAD487C21D8469FA0059EB44 /* PreviewImageViewController.swift */ = {isa = PBXFileReference; fileEncoding = 4; lastKnownFileType = sourcecode.swift; path = PreviewImageViewController.swift; sourceTree = "<group>"; };
		EAD487C41D846A2F0059EB44 /* PreviewVideoViewController.swift */ = {isa = PBXFileReference; fileEncoding = 4; lastKnownFileType = sourcecode.swift; path = PreviewVideoViewController.swift; sourceTree = "<group>"; };
		EAD487C61D8481BB0059EB44 /* Flip Camera Icon.png */ = {isa = PBXFileReference; lastKnownFileType = image.png; path = "Flip Camera Icon.png"; sourceTree = "<group>"; };
		EAD487C81D8481E20059EB44 /* Home Icon.png */ = {isa = PBXFileReference; lastKnownFileType = image.png; path = "Home Icon.png"; sourceTree = "<group>"; };
		EAD487CA1D84835D0059EB44 /* SDevCircleButton.swift */ = {isa = PBXFileReference; fileEncoding = 4; lastKnownFileType = sourcecode.swift; path = SDevCircleButton.swift; sourceTree = "<group>"; };
		EAD487CC1D8498D60059EB44 /* ConvenientMethods.swift */ = {isa = PBXFileReference; fileEncoding = 4; lastKnownFileType = sourcecode.swift; path = ConvenientMethods.swift; sourceTree = "<group>"; };
		EAD510F91DD585DA00C4C135 /* Options Icon.png */ = {isa = PBXFileReference; lastKnownFileType = image.png; path = "Options Icon.png"; sourceTree = "<group>"; };
		EAD510FB1DD5A12700C4C135 /* Add a Hashtag Icon.png */ = {isa = PBXFileReference; lastKnownFileType = image.png; path = "Add a Hashtag Icon.png"; sourceTree = "<group>"; };
		EAD510FC1DD5A12700C4C135 /* Add Event Length Icon.png */ = {isa = PBXFileReference; lastKnownFileType = image.png; path = "Add Event Length Icon.png"; sourceTree = "<group>"; };
		EAD510FD1DD5A12700C4C135 /* Add People Icon.png */ = {isa = PBXFileReference; lastKnownFileType = image.png; path = "Add People Icon.png"; sourceTree = "<group>"; };
		EAD510FE1DD5A12700C4C135 /* Back Arrow Icon w_ line.png */ = {isa = PBXFileReference; lastKnownFileType = image.png; path = "Back Arrow Icon w_ line.png"; sourceTree = "<group>"; };
		EAD510FF1DD5A12700C4C135 /* Back Arrow Icon.png */ = {isa = PBXFileReference; lastKnownFileType = image.png; path = "Back Arrow Icon.png"; sourceTree = "<group>"; };
		EAD511001DD5A12700C4C135 /* Black Box.png */ = {isa = PBXFileReference; lastKnownFileType = image.png; path = "Black Box.png"; sourceTree = "<group>"; };
		EAD511011DD5A12700C4C135 /* Bottom Bar No Divider.png */ = {isa = PBXFileReference; lastKnownFileType = image.png; path = "Bottom Bar No Divider.png"; sourceTree = "<group>"; };
		EAD511021DD5A12700C4C135 /* Bottom Bar.png */ = {isa = PBXFileReference; lastKnownFileType = image.png; path = "Bottom Bar.png"; sourceTree = "<group>"; };
		EAD511031DD5A12700C4C135 /* Breaker Line.png */ = {isa = PBXFileReference; lastKnownFileType = image.png; path = "Breaker Line.png"; sourceTree = "<group>"; };
		EAD511041DD5A12700C4C135 /* Camera Circle.png */ = {isa = PBXFileReference; lastKnownFileType = image.png; path = "Camera Circle.png"; sourceTree = "<group>"; };
		EAD511051DD5A12700C4C135 /* Camera Icon.png */ = {isa = PBXFileReference; lastKnownFileType = image.png; path = "Camera Icon.png"; sourceTree = "<group>"; };
		EAD511061DD5A12700C4C135 /* Collab with Others Icon.png */ = {isa = PBXFileReference; lastKnownFileType = image.png; path = "Collab with Others Icon.png"; sourceTree = "<group>"; };
		EAD511071DD5A12700C4C135 /* Discard Icon.png */ = {isa = PBXFileReference; lastKnownFileType = image.png; path = "Discard Icon.png"; sourceTree = "<group>"; };
		EAD511081DD5A12700C4C135 /* Divider Thin.png */ = {isa = PBXFileReference; lastKnownFileType = image.png; path = "Divider Thin.png"; sourceTree = "<group>"; };
		EAD511091DD5A12700C4C135 /* Download Icon NOT Selected.png */ = {isa = PBXFileReference; lastKnownFileType = image.png; path = "Download Icon NOT Selected.png"; sourceTree = "<group>"; };
		EAD5110A1DD5A12700C4C135 /* Download Icon Selected.png */ = {isa = PBXFileReference; lastKnownFileType = image.png; path = "Download Icon Selected.png"; sourceTree = "<group>"; };
		EAD5110B1DD5A12700C4C135 /* Download Icon.png */ = {isa = PBXFileReference; lastKnownFileType = image.png; path = "Download Icon.png"; sourceTree = "<group>"; };
		EAD5110C1DD5A12700C4C135 /* Flash Off Icon.png */ = {isa = PBXFileReference; lastKnownFileType = image.png; path = "Flash Off Icon.png"; sourceTree = "<group>"; };
		EAD5110D1DD5A12700C4C135 /* Flash On Icon.png */ = {isa = PBXFileReference; lastKnownFileType = image.png; path = "Flash On Icon.png"; sourceTree = "<group>"; };
		EAD5110E1DD5A12700C4C135 /* Forward Arrow Icon.png */ = {isa = PBXFileReference; lastKnownFileType = image.png; path = "Forward Arrow Icon.png"; sourceTree = "<group>"; };
		EAD5110F1DD5A12700C4C135 /* Gallery Box.png */ = {isa = PBXFileReference; lastKnownFileType = image.png; path = "Gallery Box.png"; sourceTree = "<group>"; };
		EAD511101DD5A12700C4C135 /* Gray Text Box.png */ = {isa = PBXFileReference; lastKnownFileType = image.png; path = "Gray Text Box.png"; sourceTree = "<group>"; };
		EAD511111DD5A12700C4C135 /* Header.h */ = {isa = PBXFileReference; fileEncoding = 4; lastKnownFileType = sourcecode.c.h; path = Header.h; sourceTree = "<group>"; };
		EAD511121DD5A12700C4C135 /* In Progress Icon.png */ = {isa = PBXFileReference; lastKnownFileType = image.png; path = "In Progress Icon.png"; sourceTree = "<group>"; };
		EAD511131DD5A12700C4C135 /* Info Bar.png */ = {isa = PBXFileReference; lastKnownFileType = image.png; path = "Info Bar.png"; sourceTree = "<group>"; };
		EAD511141DD5A12700C4C135 /* Info Icon.png */ = {isa = PBXFileReference; lastKnownFileType = image.png; path = "Info Icon.png"; sourceTree = "<group>"; };
		EAD511151DD5A12700C4C135 /* Invite Icon.png */ = {isa = PBXFileReference; lastKnownFileType = image.png; path = "Invite Icon.png"; sourceTree = "<group>"; };
		EAD511161DD5A12700C4C135 /* Join Event Icon.png */ = {isa = PBXFileReference; lastKnownFileType = image.png; path = "Join Event Icon.png"; sourceTree = "<group>"; };
		EAD511171DD5A12700C4C135 /* Keep Icon.png */ = {isa = PBXFileReference; lastKnownFileType = image.png; path = "Keep Icon.png"; sourceTree = "<group>"; };
		EAD511181DD5A12700C4C135 /* L Top Bar.png */ = {isa = PBXFileReference; lastKnownFileType = image.png; path = "L Top Bar.png"; sourceTree = "<group>"; };
		EAD511191DD5A12700C4C135 /* Location Icon.png */ = {isa = PBXFileReference; lastKnownFileType = image.png; path = "Location Icon.png"; sourceTree = "<group>"; };
		EAD5111A1DD5A12700C4C135 /* Others Icon NOT selected.png */ = {isa = PBXFileReference; lastKnownFileType = image.png; path = "Others Icon NOT selected.png"; sourceTree = "<group>"; };
		EAD5111B1DD5A12700C4C135 /* Others Icon Selected.png */ = {isa = PBXFileReference; lastKnownFileType = image.png; path = "Others Icon Selected.png"; sourceTree = "<group>"; };
		EAD5111C1DD5A12700C4C135 /* Paper Airplane Icon.png */ = {isa = PBXFileReference; lastKnownFileType = image.png; path = "Paper Airplane Icon.png"; sourceTree = "<group>"; };
		EAD5111D1DD5A12700C4C135 /* Person Icon.png */ = {isa = PBXFileReference; lastKnownFileType = image.png; path = "Person Icon.png"; sourceTree = "<group>"; };
		EAD5111E1DD5A12700C4C135 /* Search Bar.png */ = {isa = PBXFileReference; lastKnownFileType = image.png; path = "Search Bar.png"; sourceTree = "<group>"; };
		EAD5111F1DD5A12700C4C135 /* Settings Icon.png */ = {isa = PBXFileReference; lastKnownFileType = image.png; path = "Settings Icon.png"; sourceTree = "<group>"; };
		EAD511201DD5A12700C4C135 /* Text Box.png */ = {isa = PBXFileReference; lastKnownFileType = image.png; path = "Text Box.png"; sourceTree = "<group>"; };
		EAD511211DD5A12700C4C135 /* Thumbs Up Icon.png */ = {isa = PBXFileReference; lastKnownFileType = image.png; path = "Thumbs Up Icon.png"; sourceTree = "<group>"; };
		EAD511221DD5A12700C4C135 /* Time Icon.png */ = {isa = PBXFileReference; lastKnownFileType = image.png; path = "Time Icon.png"; sourceTree = "<group>"; };
		EAD511231DD5A12700C4C135 /* Trash Icon.png */ = {isa = PBXFileReference; lastKnownFileType = image.png; path = "Trash Icon.png"; sourceTree = "<group>"; };
		EAD511241DD5A12700C4C135 /* Up Arrow Icon Not Selected.png */ = {isa = PBXFileReference; lastKnownFileType = image.png; path = "Up Arrow Icon Not Selected.png"; sourceTree = "<group>"; };
		EAD511251DD5A12700C4C135 /* Wallpaper.png */ = {isa = PBXFileReference; lastKnownFileType = image.png; path = Wallpaper.png; sourceTree = "<group>"; };
		EAD511261DD5A12700C4C135 /* White Text Box.png */ = {isa = PBXFileReference; lastKnownFileType = image.png; path = "White Text Box.png"; sourceTree = "<group>"; };
		EAD511271DD5A12700C4C135 /* X Icon.png */ = {isa = PBXFileReference; lastKnownFileType = image.png; path = "X Icon.png"; sourceTree = "<group>"; };
		EAD511281DD5A12700C4C135 /* You Icon NOT Selected.png */ = {isa = PBXFileReference; lastKnownFileType = image.png; path = "You Icon NOT Selected.png"; sourceTree = "<group>"; };
		EAD511291DD5A12700C4C135 /* You Icon Selected.png */ = {isa = PBXFileReference; lastKnownFileType = image.png; path = "You Icon Selected.png"; sourceTree = "<group>"; };
		EAD511581DD6CB9800C4C135 /* FullscreenImageViewController.swift */ = {isa = PBXFileReference; fileEncoding = 4; lastKnownFileType = sourcecode.swift; path = FullscreenImageViewController.swift; sourceTree = "<group>"; };
		EAD5115A1DD7829F00C4C135 /* FriendListTableViewCell.swift */ = {isa = PBXFileReference; fileEncoding = 4; lastKnownFileType = sourcecode.swift; path = FriendListTableViewCell.swift; sourceTree = "<group>"; };
		EAD5115C1DD791B600C4C135 /* People Icon.png */ = {isa = PBXFileReference; lastKnownFileType = image.png; path = "People Icon.png"; sourceTree = "<group>"; };
		EAD5115E1DD791BD00C4C135 /* Invite Circle Icon.png */ = {isa = PBXFileReference; lastKnownFileType = image.png; path = "Invite Circle Icon.png"; sourceTree = "<group>"; };
		EAD511601DD7941200C4C135 /* MapViewController.swift */ = {isa = PBXFileReference; fileEncoding = 4; lastKnownFileType = sourcecode.swift; path = MapViewController.swift; sourceTree = "<group>"; };
		EAD511621DD7A24F00C4C135 /* ConfirmJoinEventViewController.swift */ = {isa = PBXFileReference; fileEncoding = 4; lastKnownFileType = sourcecode.swift; path = ConfirmJoinEventViewController.swift; sourceTree = "<group>"; };
		EAE09C881DD810AD00A7B8CE /* ErrorViewController.swift */ = {isa = PBXFileReference; fileEncoding = 4; lastKnownFileType = sourcecode.swift; path = ErrorViewController.swift; sourceTree = "<group>"; };
		EAF1CA4B1D98514000E1A769 /* GalleryVideoTableViewCell.swift */ = {isa = PBXFileReference; fileEncoding = 4; lastKnownFileType = sourcecode.swift; path = GalleryVideoTableViewCell.swift; sourceTree = "<group>"; };
		EAF1CA4D1D9CD28E00E1A769 /* Bar Icon.png */ = {isa = PBXFileReference; lastKnownFileType = image.png; path = "Bar Icon.png"; sourceTree = "<group>"; };
/* End PBXFileReference section */

/* Begin PBXFrameworksBuildPhase section */
		EA21DA9A1CD083D200786F30 /* Frameworks */ = {
			isa = PBXFrameworksBuildPhase;
			buildActionMask = 2147483647;
			files = (
				EAD487C11D84650A0059EB44 /* LLSimpleCamera.framework in Frameworks */,
				EA51623B1D792F590012B26B /* Alamofire.framework in Frameworks */,
				EA51623C1D792F590012B26B /* AWSCore.framework in Frameworks */,
				EA51623D1D792F590012B26B /* AWSS3.framework in Frameworks */,
				EA51623E1D792F590012B26B /* Bolts.framework in Frameworks */,
				EA5162431D792F590012B26B /* FBSDKCoreKit.framework in Frameworks */,
				EA5162441D792F590012B26B /* FBSDKLoginKit.framework in Frameworks */,
				EA5162451D792F590012B26B /* FBSDKShareKit.framework in Frameworks */,
				AA9F31FC24FE4AD2052FFB7C /* Pods_Koalie.framework in Frameworks */,
			);
			runOnlyForDeploymentPostprocessing = 0;
		};
		EA21DAAE1CD083D200786F30 /* Frameworks */ = {
			isa = PBXFrameworksBuildPhase;
			buildActionMask = 2147483647;
			files = (
				691635BD79CEDCE1945C7C83 /* Pods_KoalieTests.framework in Frameworks */,
			);
			runOnlyForDeploymentPostprocessing = 0;
		};
		EA21DAB91CD083D200786F30 /* Frameworks */ = {
			isa = PBXFrameworksBuildPhase;
			buildActionMask = 2147483647;
			files = (
			);
			runOnlyForDeploymentPostprocessing = 0;
		};
/* End PBXFrameworksBuildPhase section */

/* Begin PBXGroup section */
		4E9D006CA0433765B29C596E /* Frameworks */ = {
			isa = PBXGroup;
			children = (
				EAD487C01D84650A0059EB44 /* LLSimpleCamera.framework */,
				EA5162301D792F590012B26B /* Alamofire.framework */,
				EA5162311D792F590012B26B /* AWSCore.framework */,
				EA5162321D792F590012B26B /* AWSS3.framework */,
				EA5162331D792F590012B26B /* Bolts.framework */,
				EA5162341D792F590012B26B /* DKCamera.framework */,
				EA5162351D792F590012B26B /* FacebookCore.framework */,
				EA5162361D792F590012B26B /* FacebookLogin.framework */,
				EA5162371D792F590012B26B /* FacebookShare.framework */,
				EA5162381D792F590012B26B /* FBSDKCoreKit.framework */,
				EA5162391D792F590012B26B /* FBSDKLoginKit.framework */,
				EA51623A1D792F590012B26B /* FBSDKShareKit.framework */,
				2FC53746E7F0974862CA2E41 /* Pods.framework */,
				D507CAABDCE0583DAEDACEFF /* Pods_Koalie.framework */,
				4C9625CEC048A06C5DF0463C /* Pods_KoalieTests.framework */,
			);
			name = Frameworks;
			sourceTree = "<group>";
		};
		563C08EE0D0F3F3F7F5A9352 /* Pods */ = {
			isa = PBXGroup;
			children = (
				C490D9EE5C9A7C536B5F17FE /* Pods-Koalie.debug.xcconfig */,
				E2C2E589A163D5DB6D7D7D47 /* Pods-Koalie.release.xcconfig */,
				57913BACC131EB2D8449B833 /* Pods-KoalieTests.debug.xcconfig */,
				6D8E137456BCFDDD0FF4F953 /* Pods-KoalieTests.release.xcconfig */,
			);
			name = Pods;
			sourceTree = "<group>";
		};
		EA21DA941CD083D200786F30 = {
			isa = PBXGroup;
			children = (
				EA89D2F51CED4940005A6D43 /* GoogleService-Info.plist */,
				EA21DA9F1CD083D200786F30 /* Koalie */,
				EA21DAB41CD083D200786F30 /* KoalieTests */,
				EA21DABF1CD083D300786F30 /* KoalieUITests */,
				EA21DA9E1CD083D200786F30 /* Products */,
				4E9D006CA0433765B29C596E /* Frameworks */,
				563C08EE0D0F3F3F7F5A9352 /* Pods */,
			);
			sourceTree = "<group>";
		};
		EA21DA9E1CD083D200786F30 /* Products */ = {
			isa = PBXGroup;
			children = (
				EA21DA9D1CD083D200786F30 /* Koalie.app */,
				EA21DAB11CD083D200786F30 /* KoalieTests.xctest */,
				EA21DABC1CD083D200786F30 /* KoalieUITests.xctest */,
			);
			name = Products;
			sourceTree = "<group>";
		};
		EA21DA9F1CD083D200786F30 /* Koalie */ = {
			isa = PBXGroup;
			children = (
				EA41BAE31D935BE2004A69D4 /* Koalie.entitlements */,
				EA2589031CE2E2C30060B6F2 /* Files */,
				EA449F261CDF925B0009D6B2 /* Views */,
				EABC87881CD7F0E0001A6C0F /* View Controllers */,
				EABC87891CD7F2A9001A6C0F /* Images */,
				EA21DAA41CD083D200786F30 /* Main.storyboard */,
				EA21DAA01CD083D200786F30 /* AppDelegate.swift */,
				EA21DAA71CD083D200786F30 /* Assets.xcassets */,
				EA21DAAC1CD083D200786F30 /* Info.plist */,
				EABC87861CD5CE4D001A6C0F /* Property List.plist */,
				EA21DAA91CD083D200786F30 /* LaunchScreen.storyboard */,
			);
			path = Koalie;
			sourceTree = "<group>";
		};
		EA21DAB41CD083D200786F30 /* KoalieTests */ = {
			isa = PBXGroup;
			children = (
				EA21DAB51CD083D200786F30 /* KoalieTests.swift */,
				EA21DAB71CD083D200786F30 /* Info.plist */,
			);
			path = KoalieTests;
			sourceTree = "<group>";
		};
		EA21DABF1CD083D300786F30 /* KoalieUITests */ = {
			isa = PBXGroup;
			children = (
				EA21DAC01CD083D300786F30 /* KoalieUITests.swift */,
				EA21DAC21CD083D300786F30 /* Info.plist */,
			);
			path = KoalieUITests;
			sourceTree = "<group>";
		};
		EA2589031CE2E2C30060B6F2 /* Files */ = {
			isa = PBXGroup;
			children = (
				EA2589041CE2E2D20060B6F2 /* File.swift */,
				EA566DE71D7BDBA200135CDB /* EventObject.swift */,
				EAD487CC1D8498D60059EB44 /* ConvenientMethods.swift */,
			);
			name = Files;
			sourceTree = "<group>";
		};
		EA449F261CDF925B0009D6B2 /* Views */ = {
			isa = PBXGroup;
			children = (
				EA91ABB61CE43EAB00EA81BD /* EventTableViewCell.swift */,
				EA5C85191D0160BB00A61033 /* GalleryTableViewCell.swift */,
				EA76B7911D0CBBD700E2D593 /* ThemeView.xib */,
				EA76B79E1D0CBD3000E2D593 /* GeneralView.swift */,
				EA5382DE1D7D25EA0044D059 /* ProfileIconView.swift */,
				EA5382E01D7D264B0044D059 /* ProfileIconView.xib */,
				EAD487CA1D84835D0059EB44 /* SDevCircleButton.swift */,
				EAF1CA4B1D98514000E1A769 /* GalleryVideoTableViewCell.swift */,
				EAD5115A1DD7829F00C4C135 /* FriendListTableViewCell.swift */,
			);
			name = Views;
			sourceTree = "<group>";
		};
		EA5D48551CF3AC5300B7D10D /* icons */ = {
			isa = PBXGroup;
			children = (
				EA45773A1D7FD73800BF5936 /* Hashtag Icon@2x.png */,
				EA45773C1D7FD76800BF5936 /* Question Mark Icon@2x.png */,
				EA45773E1D7FDA8300BF5936 /* Back Arrow@2x.png */,
				EA4577441D7FDCE700BF5936 /* Add People Icon@2x.png */,
				EA4577461D7FE19C00BF5936 /* Join Icon@2x.png */,
				EA4577401D7FDB2000BF5936 /* Clock Icon@2x.png */,
				EA1F58F91D7B798B00EAEBDE /* Koalie Logo.png */,
				EA76B76D1D07F14200E2D593 /* Photo Icon.png */,
				EA76B76E1D07F14200E2D593 /* Top Rated Icon.png */,
				EA76B76F1D07F14200E2D593 /* Video Icon.png */,
				EA6DA9591CF53C3E00B14A89 /* Overview Icon.png */,
				EA91ABBB1CE91E2D00EA81BD /* Hashtag.png */,
				EA2588FF1CE0518E0060B6F2 /* KoalieLogo.png */,
				EA163E111DBF170D009FDC2D /* App-Icon-Template.png */,
			);
			name = icons;
			sourceTree = "<group>";
		};
		EA5D48561CF3AC6100B7D10D /* buttons */ = {
			isa = PBXGroup;
			children = (
				EAF1CA4D1D9CD28E00E1A769 /* Bar Icon.png */,
				EAD487C61D8481BB0059EB44 /* Flip Camera Icon.png */,
				EAD487C81D8481E20059EB44 /* Home Icon.png */,
				EA76B7651D03EFA400E2D593 /* Light Arrow Icon 2.png */,
				EA76B7631D03EF9800E2D593 /* Back-Arrow-Icons 2.png */,
				EA5C85171D00032F00A61033 /* Gallery Icon.png */,
				EA5C85091CFEB1F900A61033 /* Back-Arrow-Icons 1.png */,
				EA76B7771D093F8200E2D593 /* Add Icons Icon.png */,
				EA76B7781D093F8200E2D593 /* Add Music Icon.png */,
				EA76B7791D093F8200E2D593 /* Add Text Icon.png */,
				EA76B77A1D093F8200E2D593 /* Check-Mark-Icon.png */,
				EA76B77C1D093F8200E2D593 /* Pause Icon.png */,
				EA76B77D1D093F8200E2D593 /* Play Icon.png */,
				EA76B77E1D093F8200E2D593 /* Preview-Icon.png */,
				EA76B77F1D093F8200E2D593 /* Theme Icon.png */,
				EA5C850A1CFEB1F900A61033 /* Delet-Icon.png */,
				EA5C850B1CFEB1F900A61033 /* Light Arrow Icon.png */,
				EA5C850C1CFEB1F900A61033 /* Not Selected-Download-Button.png */,
				EA5C850D1CFEB1F900A61033 /* Selected-Download-Button.png */,
				EA5C850E1CFEB1F900A61033 /* Unselected Delete Icon.png */,
				EA2A39EC1CFAAA6A00BC6C4A /* Info Button Icon.png */,
				EA91ABBA1CE91E2D00EA81BD /* Back-Icon.png */,
				EA5D48571CF3AD0100B7D10D /* Minus Icon.png */,
				EA5D48591CF3AD0F00B7D10D /* Plus Icon.png */,
				EA6DA9531CF53C2E00B14A89 /* Email Icon.png */,
				EA6DA9541CF53C2E00B14A89 /* Text Icon.png */,
				EA6DA9551CF53C2E00B14A89 /* X-Icon.png */,
			);
			name = buttons;
			sourceTree = "<group>";
		};
		EA76B7931D0CBC1C00E2D593 /* Views */ = {
			isa = PBXGroup;
			children = (
				EA1F58F71D7B772A00EAEBDE /* Wallpaper for App.png */,
				EA76B7941D0CBC7100E2D593 /* Full Selected.jpg */,
				EA76B7951D0CBC7100E2D593 /* Icon Selected.jpg */,
				EA76B7961D0CBC7100E2D593 /* Music Selected.jpg */,
				EA76B7971D0CBC7100E2D593 /* Text Selected.jpg */,
				EA76B7981D0CBC7100E2D593 /* Theme Selected.jpg */,
			);
			name = Views;
			sourceTree = "<group>";
		};
		EABC87881CD7F0E0001A6C0F /* View Controllers */ = {
			isa = PBXGroup;
			children = (
				EA2588FD1CE04A550060B6F2 /* HomeViewController.swift */,
				EA2589081CE2E7350060B6F2 /* HashtagViewController.swift */,
				EA91ABB41CE43B2A00EA81BD /* PeopleViewController.swift */,
				EAB7B2271CF2C498005D01CA /* TimeViewController.swift */,
				EA6DA95B1CF543B000B14A89 /* OverviewViewController.swift */,
				EA5C85151CFFFB0800A61033 /* GalleryViewController.swift */,
				EA76B7671D053AEE00E2D593 /* InfoViewController.swift */,
				EA02ED201D9E2A48006BE585 /* InfoMenuViewController.swift */,
				EA76B7751D07F6CD00E2D593 /* FinalizeViewController.swift */,
				EAD415D01D31D28A00A9E644 /* TutorialPageViewController.swift */,
				EA88D9BC1D71F67100345E84 /* LoginViewController.swift */,
				EA1F58FD1D7B933200EAEBDE /* JoinEventViewController.swift */,
				EA7114071D80F94E009B1846 /* OptionsMenuTableViewController.swift */,
				EA4426121D83D29F00CCC4C7 /* LLSimpleCamViewController.swift */,
				EA4426141D83D43500CCC4C7 /* Koalie-Bridging-Header.h */,
				EAD487C21D8469FA0059EB44 /* PreviewImageViewController.swift */,
				EAD487C41D846A2F0059EB44 /* PreviewVideoViewController.swift */,
				EAC553811DCEBADF001D4DE5 /* MorePeopleViewController.swift */,
				EAC553831DCEBAF9001D4DE5 /* MoreTimeViewController.swift */,
				EA0ACBFB1DD43DA40038179F /* TimeInfoViewController.swift */,
				EA0ACBFD1DD43DAF0038179F /* PeopleInfoViewController.swift */,
				EAD511581DD6CB9800C4C135 /* FullscreenImageViewController.swift */,
				EAD511601DD7941200C4C135 /* MapViewController.swift */,
				EAD511621DD7A24F00C4C135 /* ConfirmJoinEventViewController.swift */,
				EAE09C881DD810AD00A7B8CE /* ErrorViewController.swift */,
			);
			name = "View Controllers";
			sourceTree = "<group>";
		};
		EABC87891CD7F2A9001A6C0F /* Images */ = {
			isa = PBXGroup;
			children = (
				EAD510F81DD5858500C4C135 /* Final Graphics */,
				EA1F58FB1D7B81D000EAEBDE /* upload_test.jpg */,
				EA5BC4821D237E1A00A066AC /* Back Arrow.pdf */,
				EA76B7931D0CBC1C00E2D593 /* Views */,
				EA5D48561CF3AC6100B7D10D /* buttons */,
				EA5D48551CF3AC5300B7D10D /* icons */,
				EA2589001CE0518E0060B6F2 /* Load Screen.jpg */,
			);
			name = Images;
			sourceTree = "<group>";
		};
		EAD510F81DD5858500C4C135 /* Final Graphics */ = {
			isa = PBXGroup;
			children = (
				EAD510FB1DD5A12700C4C135 /* Add a Hashtag Icon.png */,
				EAD510FC1DD5A12700C4C135 /* Add Event Length Icon.png */,
				EAD510FD1DD5A12700C4C135 /* Add People Icon.png */,
				EAD510FE1DD5A12700C4C135 /* Back Arrow Icon w_ line.png */,
				EAD510FF1DD5A12700C4C135 /* Back Arrow Icon.png */,
				EAD511001DD5A12700C4C135 /* Black Box.png */,
				EAD5115C1DD791B600C4C135 /* People Icon.png */,
				EAD511011DD5A12700C4C135 /* Bottom Bar No Divider.png */,
				EAD511021DD5A12700C4C135 /* Bottom Bar.png */,
				EAD511031DD5A12700C4C135 /* Breaker Line.png */,
				EAD511041DD5A12700C4C135 /* Camera Circle.png */,
				EAD511051DD5A12700C4C135 /* Camera Icon.png */,
				EAD5115E1DD791BD00C4C135 /* Invite Circle Icon.png */,
				EAD511061DD5A12700C4C135 /* Collab with Others Icon.png */,
				EAD511071DD5A12700C4C135 /* Discard Icon.png */,
				EAD511081DD5A12700C4C135 /* Divider Thin.png */,
				EAD511091DD5A12700C4C135 /* Download Icon NOT Selected.png */,
				EAD5110A1DD5A12700C4C135 /* Download Icon Selected.png */,
				EAD5110B1DD5A12700C4C135 /* Download Icon.png */,
				EAD5110C1DD5A12700C4C135 /* Flash Off Icon.png */,
				EAD5110D1DD5A12700C4C135 /* Flash On Icon.png */,
				EAD5110E1DD5A12700C4C135 /* Forward Arrow Icon.png */,
				EAD5110F1DD5A12700C4C135 /* Gallery Box.png */,
				EAD511101DD5A12700C4C135 /* Gray Text Box.png */,
				EAD511111DD5A12700C4C135 /* Header.h */,
				EAD511121DD5A12700C4C135 /* In Progress Icon.png */,
				EAD511131DD5A12700C4C135 /* Info Bar.png */,
				EAD511141DD5A12700C4C135 /* Info Icon.png */,
				EAD511151DD5A12700C4C135 /* Invite Icon.png */,
				EAD511161DD5A12700C4C135 /* Join Event Icon.png */,
				EAD511171DD5A12700C4C135 /* Keep Icon.png */,
				EAD511181DD5A12700C4C135 /* L Top Bar.png */,
				EAD511191DD5A12700C4C135 /* Location Icon.png */,
				EAD5111A1DD5A12700C4C135 /* Others Icon NOT selected.png */,
				EAD5111B1DD5A12700C4C135 /* Others Icon Selected.png */,
				EAD5111C1DD5A12700C4C135 /* Paper Airplane Icon.png */,
				EAD5111D1DD5A12700C4C135 /* Person Icon.png */,
				EAD5111E1DD5A12700C4C135 /* Search Bar.png */,
				EAD5111F1DD5A12700C4C135 /* Settings Icon.png */,
				EAD511201DD5A12700C4C135 /* Text Box.png */,
				EAD511211DD5A12700C4C135 /* Thumbs Up Icon.png */,
				EAD511221DD5A12700C4C135 /* Time Icon.png */,
				EAD511231DD5A12700C4C135 /* Trash Icon.png */,
				EAD511241DD5A12700C4C135 /* Up Arrow Icon Not Selected.png */,
				EAD511251DD5A12700C4C135 /* Wallpaper.png */,
				EAD511261DD5A12700C4C135 /* White Text Box.png */,
				EAD511271DD5A12700C4C135 /* X Icon.png */,
				EAD511281DD5A12700C4C135 /* You Icon NOT Selected.png */,
				EAD511291DD5A12700C4C135 /* You Icon Selected.png */,
				EAD510F91DD585DA00C4C135 /* Options Icon.png */,
			);
			name = "Final Graphics";
			sourceTree = "<group>";
		};
/* End PBXGroup section */

/* Begin PBXNativeTarget section */
		EA21DA9C1CD083D200786F30 /* Koalie */ = {
			isa = PBXNativeTarget;
			buildConfigurationList = EA21DAC51CD083D300786F30 /* Build configuration list for PBXNativeTarget "Koalie" */;
			buildPhases = (
				3C4F849A7344F410DD54FC05 /* [CP] Check Pods Manifest.lock */,
				EA21DA991CD083D200786F30 /* Sources */,
				EA21DA9A1CD083D200786F30 /* Frameworks */,
				EA21DA9B1CD083D200786F30 /* Resources */,
				CA1ABDFFF6463EB6B20CD588 /* [CP] Embed Pods Frameworks */,
				8FDC4B1A0F9C9C17232CD981 /* [CP] Copy Pods Resources */,
			);
			buildRules = (
			);
			dependencies = (
			);
			name = Koalie;
			productName = Koalie;
			productReference = EA21DA9D1CD083D200786F30 /* Koalie.app */;
			productType = "com.apple.product-type.application";
		};
		EA21DAB01CD083D200786F30 /* KoalieTests */ = {
			isa = PBXNativeTarget;
			buildConfigurationList = EA21DAC81CD083D300786F30 /* Build configuration list for PBXNativeTarget "KoalieTests" */;
			buildPhases = (
				BAA874ED5013B5F49C36454D /* [CP] Check Pods Manifest.lock */,
				EA21DAAD1CD083D200786F30 /* Sources */,
				EA21DAAE1CD083D200786F30 /* Frameworks */,
				EA21DAAF1CD083D200786F30 /* Resources */,
				D421A743A8A9332C4C124B26 /* [CP] Embed Pods Frameworks */,
				D31178D424C77494674656AC /* [CP] Copy Pods Resources */,
			);
			buildRules = (
			);
			dependencies = (
				EA21DAB31CD083D200786F30 /* PBXTargetDependency */,
			);
			name = KoalieTests;
			productName = KoalieTests;
			productReference = EA21DAB11CD083D200786F30 /* KoalieTests.xctest */;
			productType = "com.apple.product-type.bundle.unit-test";
		};
		EA21DABB1CD083D200786F30 /* KoalieUITests */ = {
			isa = PBXNativeTarget;
			buildConfigurationList = EA21DACB1CD083D300786F30 /* Build configuration list for PBXNativeTarget "KoalieUITests" */;
			buildPhases = (
				EA21DAB81CD083D200786F30 /* Sources */,
				EA21DAB91CD083D200786F30 /* Frameworks */,
				EA21DABA1CD083D200786F30 /* Resources */,
			);
			buildRules = (
			);
			dependencies = (
				EA21DABE1CD083D200786F30 /* PBXTargetDependency */,
			);
			name = KoalieUITests;
			productName = KoalieUITests;
			productReference = EA21DABC1CD083D200786F30 /* KoalieUITests.xctest */;
			productType = "com.apple.product-type.bundle.ui-testing";
		};
/* End PBXNativeTarget section */

/* Begin PBXProject section */
		EA21DA951CD083D200786F30 /* Project object */ = {
			isa = PBXProject;
			attributes = {
				LastSwiftUpdateCheck = 0730;
				LastUpgradeCheck = 0800;
				ORGANIZATIONNAME = Koa;
				TargetAttributes = {
					EA21DA9C1CD083D200786F30 = {
						CreatedOnToolsVersion = 7.3;
						DevelopmentTeam = FGWM5JGVBM;
						LastSwiftMigration = 0800;
						SystemCapabilities = {
							com.apple.Keychain = {
								enabled = 1;
							};
						};
					};
					EA21DAB01CD083D200786F30 = {
						CreatedOnToolsVersion = 7.3;
						TestTargetID = EA21DA9C1CD083D200786F30;
					};
					EA21DABB1CD083D200786F30 = {
						CreatedOnToolsVersion = 7.3;
						TestTargetID = EA21DA9C1CD083D200786F30;
					};
				};
			};
			buildConfigurationList = EA21DA981CD083D200786F30 /* Build configuration list for PBXProject "Koalie" */;
			compatibilityVersion = "Xcode 3.2";
			developmentRegion = English;
			hasScannedForEncodings = 0;
			knownRegions = (
				en,
				Base,
			);
			mainGroup = EA21DA941CD083D200786F30;
			productRefGroup = EA21DA9E1CD083D200786F30 /* Products */;
			projectDirPath = "";
			projectRoot = "";
			targets = (
				EA21DA9C1CD083D200786F30 /* Koalie */,
				EA21DAB01CD083D200786F30 /* KoalieTests */,
				EA21DABB1CD083D200786F30 /* KoalieUITests */,
			);
		};
/* End PBXProject section */

/* Begin PBXResourcesBuildPhase section */
		EA21DA9B1CD083D200786F30 /* Resources */ = {
			isa = PBXResourcesBuildPhase;
			buildActionMask = 2147483647;
			files = (
				EAD5112D1DD5A12700C4C135 /* Back Arrow Icon w_ line.png in Resources */,
				EAD5112A1DD5A12700C4C135 /* Add a Hashtag Icon.png in Resources */,
				EAD511301DD5A12700C4C135 /* Bottom Bar No Divider.png in Resources */,
				EAD5114A1DD5A12700C4C135 /* Paper Airplane Icon.png in Resources */,
				EA6DA95A1CF53C3E00B14A89 /* Overview Icon.png in Resources */,
				EAD511341DD5A12700C4C135 /* Camera Icon.png in Resources */,
				EA4577451D7FDCE700BF5936 /* Add People Icon@2x.png in Resources */,
				EA89D2F61CED4940005A6D43 /* GoogleService-Info.plist in Resources */,
				EA5C85131CFEB1F900A61033 /* Selected-Download-Button.png in Resources */,
				EA76B79D1D0CBC7100E2D593 /* Theme Selected.jpg in Resources */,
				EAD511421DD5A12700C4C135 /* Info Icon.png in Resources */,
				EA1F58F81D7B772A00EAEBDE /* Wallpaper for App.png in Resources */,
				EA4577411D7FDB2000BF5936 /* Clock Icon@2x.png in Resources */,
				EA5C850F1CFEB1F900A61033 /* Back-Arrow-Icons 1.png in Resources */,
				EA76B7991D0CBC7100E2D593 /* Full Selected.jpg in Resources */,
				EAD5112E1DD5A12700C4C135 /* Back Arrow Icon.png in Resources */,
				EAD5113C1DD5A12700C4C135 /* Flash On Icon.png in Resources */,
				EAD511361DD5A12700C4C135 /* Discard Icon.png in Resources */,
				EA76B7731D07F14200E2D593 /* Top Rated Icon.png in Resources */,
				EAD511411DD5A12700C4C135 /* Info Bar.png in Resources */,
				EAD5113B1DD5A12700C4C135 /* Flash Off Icon.png in Resources */,
				EAD511451DD5A12700C4C135 /* Keep Icon.png in Resources */,
				EA76B7801D093F8200E2D593 /* Add Icons Icon.png in Resources */,
				EAD5115D1DD791B600C4C135 /* People Icon.png in Resources */,
				EA1F58FA1D7B798B00EAEBDE /* Koalie Logo.png in Resources */,
				EA5382E11D7D264B0044D059 /* ProfileIconView.xib in Resources */,
				EA6DA9581CF53C2E00B14A89 /* X-Icon.png in Resources */,
				EA2A39ED1CFAAA6A00BC6C4A /* Info Button Icon.png in Resources */,
				EA45773F1D7FDA8300BF5936 /* Back Arrow@2x.png in Resources */,
				EA91ABBD1CE91E2D00EA81BD /* Hashtag.png in Resources */,
				EA76B7821D093F8200E2D593 /* Add Text Icon.png in Resources */,
				EA4577471D7FE19C00BF5936 /* Join Icon@2x.png in Resources */,
				EAD511511DD5A12700C4C135 /* Trash Icon.png in Resources */,
				EAD511381DD5A12700C4C135 /* Download Icon NOT Selected.png in Resources */,
				EA5BC4831D237E1A00A066AC /* Back Arrow.pdf in Resources */,
				EAF1CA4E1D9CD28E00E1A769 /* Bar Icon.png in Resources */,
				EA76B7741D07F14200E2D593 /* Video Icon.png in Resources */,
				EAD511331DD5A12700C4C135 /* Camera Circle.png in Resources */,
				EA21DAAB1CD083D200786F30 /* LaunchScreen.storyboard in Resources */,
				EAD5113D1DD5A12700C4C135 /* Forward Arrow Icon.png in Resources */,
				EA6DA9571CF53C2E00B14A89 /* Text Icon.png in Resources */,
				EAD511431DD5A12700C4C135 /* Invite Icon.png in Resources */,
				EA76B7831D093F8200E2D593 /* Check-Mark-Icon.png in Resources */,
				EA5C85111CFEB1F900A61033 /* Light Arrow Icon.png in Resources */,
				EA2589021CE0518E0060B6F2 /* Load Screen.jpg in Resources */,
				EA76B7921D0CBBD700E2D593 /* ThemeView.xib in Resources */,
				EAD511461DD5A12700C4C135 /* L Top Bar.png in Resources */,
				EA76B79A1D0CBC7100E2D593 /* Icon Selected.jpg in Resources */,
				EA76B7881D093F8200E2D593 /* Theme Icon.png in Resources */,
				EAD511321DD5A12700C4C135 /* Breaker Line.png in Resources */,
				EAD5113E1DD5A12700C4C135 /* Gallery Box.png in Resources */,
				EAD5112B1DD5A12700C4C135 /* Add Event Length Icon.png in Resources */,
				EAD511561DD5A12700C4C135 /* You Icon NOT Selected.png in Resources */,
				EAD511571DD5A12700C4C135 /* You Icon Selected.png in Resources */,
				EA21DAA81CD083D200786F30 /* Assets.xcassets in Resources */,
				EA5D48581CF3AD0100B7D10D /* Minus Icon.png in Resources */,
				EAD511541DD5A12700C4C135 /* White Text Box.png in Resources */,
				EA76B79B1D0CBC7100E2D593 /* Music Selected.jpg in Resources */,
				EAD5114B1DD5A12700C4C135 /* Person Icon.png in Resources */,
				EAD511441DD5A12700C4C135 /* Join Event Icon.png in Resources */,
				EAD511401DD5A12700C4C135 /* In Progress Icon.png in Resources */,
				EA45773D1D7FD76800BF5936 /* Question Mark Icon@2x.png in Resources */,
				EA76B79C1D0CBC7100E2D593 /* Text Selected.jpg in Resources */,
				EAD511391DD5A12700C4C135 /* Download Icon Selected.png in Resources */,
				EAD5114D1DD5A12700C4C135 /* Settings Icon.png in Resources */,
				EA5C85141CFEB1F900A61033 /* Unselected Delete Icon.png in Resources */,
				EAD511351DD5A12700C4C135 /* Collab with Others Icon.png in Resources */,
				EAD511531DD5A12700C4C135 /* Wallpaper.png in Resources */,
				EAD5112C1DD5A12700C4C135 /* Add People Icon.png in Resources */,
				EA76B7641D03EF9800E2D593 /* Back-Arrow-Icons 2.png in Resources */,
				EA76B7861D093F8200E2D593 /* Play Icon.png in Resources */,
				EAD511471DD5A12700C4C135 /* Location Icon.png in Resources */,
				EAD511311DD5A12700C4C135 /* Bottom Bar.png in Resources */,
				EAD511481DD5A12700C4C135 /* Others Icon NOT selected.png in Resources */,
				EAD511371DD5A12700C4C135 /* Divider Thin.png in Resources */,
				EAD511491DD5A12700C4C135 /* Others Icon Selected.png in Resources */,
				EAD510FA1DD585DA00C4C135 /* Options Icon.png in Resources */,
				EAD5115F1DD791BD00C4C135 /* Invite Circle Icon.png in Resources */,
				EAD487C91D8481E20059EB44 /* Home Icon.png in Resources */,
				EAD5114C1DD5A12700C4C135 /* Search Bar.png in Resources */,
				EAD5112F1DD5A12700C4C135 /* Black Box.png in Resources */,
				EAD487C71D8481BB0059EB44 /* Flip Camera Icon.png in Resources */,
				EABC87871CD5CE4D001A6C0F /* Property List.plist in Resources */,
				EAD5114E1DD5A12700C4C135 /* Text Box.png in Resources */,
				EA45773B1D7FD73800BF5936 /* Hashtag Icon@2x.png in Resources */,
				EA21DAA61CD083D200786F30 /* Main.storyboard in Resources */,
				EAD511551DD5A12700C4C135 /* X Icon.png in Resources */,
				EA76B7851D093F8200E2D593 /* Pause Icon.png in Resources */,
				EA5C85121CFEB1F900A61033 /* Not Selected-Download-Button.png in Resources */,
				EAD511501DD5A12700C4C135 /* Time Icon.png in Resources */,
				EA163E121DBF170D009FDC2D /* App-Icon-Template.png in Resources */,
				EA91ABBC1CE91E2D00EA81BD /* Back-Icon.png in Resources */,
				EA5D485A1CF3AD0F00B7D10D /* Plus Icon.png in Resources */,
				EA1F58FC1D7B81D000EAEBDE /* upload_test.jpg in Resources */,
				EA5C85181D00032F00A61033 /* Gallery Icon.png in Resources */,
				EA5C85101CFEB1F900A61033 /* Delet-Icon.png in Resources */,
				EAD5113A1DD5A12700C4C135 /* Download Icon.png in Resources */,
				EA76B7811D093F8200E2D593 /* Add Music Icon.png in Resources */,
				EAD511521DD5A12700C4C135 /* Up Arrow Icon Not Selected.png in Resources */,
				EA2589011CE0518E0060B6F2 /* KoalieLogo.png in Resources */,
				EA76B7721D07F14200E2D593 /* Photo Icon.png in Resources */,
				EA6DA9561CF53C2E00B14A89 /* Email Icon.png in Resources */,
				EAD5114F1DD5A12700C4C135 /* Thumbs Up Icon.png in Resources */,
				EA76B7661D03EFA400E2D593 /* Light Arrow Icon 2.png in Resources */,
				EA76B7871D093F8200E2D593 /* Preview-Icon.png in Resources */,
				EAD5113F1DD5A12700C4C135 /* Gray Text Box.png in Resources */,
			);
			runOnlyForDeploymentPostprocessing = 0;
		};
		EA21DAAF1CD083D200786F30 /* Resources */ = {
			isa = PBXResourcesBuildPhase;
			buildActionMask = 2147483647;
			files = (
			);
			runOnlyForDeploymentPostprocessing = 0;
		};
		EA21DABA1CD083D200786F30 /* Resources */ = {
			isa = PBXResourcesBuildPhase;
			buildActionMask = 2147483647;
			files = (
			);
			runOnlyForDeploymentPostprocessing = 0;
		};
/* End PBXResourcesBuildPhase section */

/* Begin PBXShellScriptBuildPhase section */
		3C4F849A7344F410DD54FC05 /* [CP] Check Pods Manifest.lock */ = {
			isa = PBXShellScriptBuildPhase;
			buildActionMask = 2147483647;
			files = (
			);
			inputPaths = (
			);
			name = "[CP] Check Pods Manifest.lock";
			outputPaths = (
			);
			runOnlyForDeploymentPostprocessing = 0;
			shellPath = /bin/sh;
			shellScript = "diff \"${PODS_ROOT}/../Podfile.lock\" \"${PODS_ROOT}/Manifest.lock\" > /dev/null\nif [[ $? != 0 ]] ; then\n    cat << EOM\nerror: The sandbox is not in sync with the Podfile.lock. Run 'pod install' or update your CocoaPods installation.\nEOM\n    exit 1\nfi\n";
			showEnvVarsInLog = 0;
		};
		8FDC4B1A0F9C9C17232CD981 /* [CP] Copy Pods Resources */ = {
			isa = PBXShellScriptBuildPhase;
			buildActionMask = 2147483647;
			files = (
			);
			inputPaths = (
			);
			name = "[CP] Copy Pods Resources";
			outputPaths = (
			);
			runOnlyForDeploymentPostprocessing = 0;
			shellPath = /bin/sh;
			shellScript = "\"${SRCROOT}/Pods/Target Support Files/Pods-Koalie/Pods-Koalie-resources.sh\"\n";
			showEnvVarsInLog = 0;
		};
		BAA874ED5013B5F49C36454D /* [CP] Check Pods Manifest.lock */ = {
			isa = PBXShellScriptBuildPhase;
			buildActionMask = 2147483647;
			files = (
			);
			inputPaths = (
			);
			name = "[CP] Check Pods Manifest.lock";
			outputPaths = (
			);
			runOnlyForDeploymentPostprocessing = 0;
			shellPath = /bin/sh;
			shellScript = "diff \"${PODS_ROOT}/../Podfile.lock\" \"${PODS_ROOT}/Manifest.lock\" > /dev/null\nif [[ $? != 0 ]] ; then\n    cat << EOM\nerror: The sandbox is not in sync with the Podfile.lock. Run 'pod install' or update your CocoaPods installation.\nEOM\n    exit 1\nfi\n";
			showEnvVarsInLog = 0;
		};
		CA1ABDFFF6463EB6B20CD588 /* [CP] Embed Pods Frameworks */ = {
			isa = PBXShellScriptBuildPhase;
			buildActionMask = 2147483647;
			files = (
			);
			inputPaths = (
			);
			name = "[CP] Embed Pods Frameworks";
			outputPaths = (
			);
			runOnlyForDeploymentPostprocessing = 0;
			shellPath = /bin/sh;
			shellScript = "\"${SRCROOT}/Pods/Target Support Files/Pods-Koalie/Pods-Koalie-frameworks.sh\"\n";
			showEnvVarsInLog = 0;
		};
		D31178D424C77494674656AC /* [CP] Copy Pods Resources */ = {
			isa = PBXShellScriptBuildPhase;
			buildActionMask = 2147483647;
			files = (
			);
			inputPaths = (
			);
			name = "[CP] Copy Pods Resources";
			outputPaths = (
			);
			runOnlyForDeploymentPostprocessing = 0;
			shellPath = /bin/sh;
			shellScript = "\"${SRCROOT}/Pods/Target Support Files/Pods-KoalieTests/Pods-KoalieTests-resources.sh\"\n";
			showEnvVarsInLog = 0;
		};
		D421A743A8A9332C4C124B26 /* [CP] Embed Pods Frameworks */ = {
			isa = PBXShellScriptBuildPhase;
			buildActionMask = 2147483647;
			files = (
			);
			inputPaths = (
			);
			name = "[CP] Embed Pods Frameworks";
			outputPaths = (
			);
			runOnlyForDeploymentPostprocessing = 0;
			shellPath = /bin/sh;
			shellScript = "\"${SRCROOT}/Pods/Target Support Files/Pods-KoalieTests/Pods-KoalieTests-frameworks.sh\"\n";
			showEnvVarsInLog = 0;
		};
/* End PBXShellScriptBuildPhase section */

/* Begin PBXSourcesBuildPhase section */
		EA21DA991CD083D200786F30 /* Sources */ = {
			isa = PBXSourcesBuildPhase;
			buildActionMask = 2147483647;
			files = (
				EA5C851A1D0160BB00A61033 /* GalleryTableViewCell.swift in Sources */,
				EAD511631DD7A24F00C4C135 /* ConfirmJoinEventViewController.swift in Sources */,
				EA0ACBFC1DD43DA40038179F /* TimeInfoViewController.swift in Sources */,
				EA566DE81D7BDBA200135CDB /* EventObject.swift in Sources */,
				EAD511591DD6CB9800C4C135 /* FullscreenImageViewController.swift in Sources */,
				EA91ABB71CE43EAB00EA81BD /* EventTableViewCell.swift in Sources */,
				EA4426131D83D29F00CCC4C7 /* LLSimpleCamViewController.swift in Sources */,
				EAE09C891DD810AD00A7B8CE /* ErrorViewController.swift in Sources */,
				EA88D9BD1D71F67100345E84 /* LoginViewController.swift in Sources */,
				EAD511611DD7941200C4C135 /* MapViewController.swift in Sources */,
				EA6DA95C1CF543B000B14A89 /* OverviewViewController.swift in Sources */,
				EAB7B2281CF2C498005D01CA /* TimeViewController.swift in Sources */,
				EA2589051CE2E2D20060B6F2 /* File.swift in Sources */,
				EAF1CA4C1D98514000E1A769 /* GalleryVideoTableViewCell.swift in Sources */,
				EAC553821DCEBADF001D4DE5 /* MorePeopleViewController.swift in Sources */,
				EA1F58FE1D7B933200EAEBDE /* JoinEventViewController.swift in Sources */,
				EA91ABB51CE43B2A00EA81BD /* PeopleViewController.swift in Sources */,
				EA21DAA11CD083D200786F30 /* AppDelegate.swift in Sources */,
				EA2588FE1CE04A550060B6F2 /* HomeViewController.swift in Sources */,
				EA76B7681D053AEE00E2D593 /* InfoViewController.swift in Sources */,
				EA76B79F1D0CBD3000E2D593 /* GeneralView.swift in Sources */,
				EAD487CB1D84835D0059EB44 /* SDevCircleButton.swift in Sources */,
				EA0ACBFE1DD43DAF0038179F /* PeopleInfoViewController.swift in Sources */,
				EAD487CD1D8498D60059EB44 /* ConvenientMethods.swift in Sources */,
				EA5C85161CFFFB0800A61033 /* GalleryViewController.swift in Sources */,
				EA02ED211D9E2A48006BE585 /* InfoMenuViewController.swift in Sources */,
				EA2589091CE2E7350060B6F2 /* HashtagViewController.swift in Sources */,
				EAD5115B1DD7829F00C4C135 /* FriendListTableViewCell.swift in Sources */,
				EAD415D11D31D28A00A9E644 /* TutorialPageViewController.swift in Sources */,
				EAD487C31D8469FA0059EB44 /* PreviewImageViewController.swift in Sources */,
				EA5382DF1D7D25EA0044D059 /* ProfileIconView.swift in Sources */,
				EAD487C51D846A2F0059EB44 /* PreviewVideoViewController.swift in Sources */,
				EA76B7761D07F6CD00E2D593 /* FinalizeViewController.swift in Sources */,
				EAC553841DCEBAF9001D4DE5 /* MoreTimeViewController.swift in Sources */,
				EA7114081D80F94E009B1846 /* OptionsMenuTableViewController.swift in Sources */,
			);
			runOnlyForDeploymentPostprocessing = 0;
		};
		EA21DAAD1CD083D200786F30 /* Sources */ = {
			isa = PBXSourcesBuildPhase;
			buildActionMask = 2147483647;
			files = (
				EA21DAB61CD083D200786F30 /* KoalieTests.swift in Sources */,
			);
			runOnlyForDeploymentPostprocessing = 0;
		};
		EA21DAB81CD083D200786F30 /* Sources */ = {
			isa = PBXSourcesBuildPhase;
			buildActionMask = 2147483647;
			files = (
				EA21DAC11CD083D300786F30 /* KoalieUITests.swift in Sources */,
			);
			runOnlyForDeploymentPostprocessing = 0;
		};
/* End PBXSourcesBuildPhase section */

/* Begin PBXTargetDependency section */
		EA21DAB31CD083D200786F30 /* PBXTargetDependency */ = {
			isa = PBXTargetDependency;
			target = EA21DA9C1CD083D200786F30 /* Koalie */;
			targetProxy = EA21DAB21CD083D200786F30 /* PBXContainerItemProxy */;
		};
		EA21DABE1CD083D200786F30 /* PBXTargetDependency */ = {
			isa = PBXTargetDependency;
			target = EA21DA9C1CD083D200786F30 /* Koalie */;
			targetProxy = EA21DABD1CD083D200786F30 /* PBXContainerItemProxy */;
		};
/* End PBXTargetDependency section */

/* Begin PBXVariantGroup section */
		EA21DAA41CD083D200786F30 /* Main.storyboard */ = {
			isa = PBXVariantGroup;
			children = (
				EA21DAA51CD083D200786F30 /* Base */,
			);
			name = Main.storyboard;
			sourceTree = "<group>";
		};
		EA21DAA91CD083D200786F30 /* LaunchScreen.storyboard */ = {
			isa = PBXVariantGroup;
			children = (
				EA21DAAA1CD083D200786F30 /* Base */,
			);
			name = LaunchScreen.storyboard;
			sourceTree = "<group>";
		};
/* End PBXVariantGroup section */

/* Begin XCBuildConfiguration section */
		EA21DAC31CD083D300786F30 /* Debug */ = {
			isa = XCBuildConfiguration;
			buildSettings = {
				ALWAYS_SEARCH_USER_PATHS = NO;
				CLANG_ALLOW_NON_MODULAR_INCLUDES_IN_FRAMEWORK_MODULES = YES;
				CLANG_ANALYZER_NONNULL = YES;
				CLANG_CXX_LANGUAGE_STANDARD = "gnu++0x";
				CLANG_CXX_LIBRARY = "libc++";
				CLANG_ENABLE_MODULES = YES;
				CLANG_ENABLE_OBJC_ARC = YES;
				CLANG_WARN_BOOL_CONVERSION = YES;
				CLANG_WARN_CONSTANT_CONVERSION = YES;
				CLANG_WARN_DIRECT_OBJC_ISA_USAGE = YES_ERROR;
				CLANG_WARN_EMPTY_BODY = YES;
				CLANG_WARN_ENUM_CONVERSION = YES;
				CLANG_WARN_INFINITE_RECURSION = YES;
				CLANG_WARN_INT_CONVERSION = YES;
				CLANG_WARN_OBJC_ROOT_CLASS = YES_ERROR;
				CLANG_WARN_SUSPICIOUS_MOVE = YES;
				CLANG_WARN_UNREACHABLE_CODE = YES;
				CLANG_WARN__DUPLICATE_METHOD_MATCH = YES;
				"CODE_SIGN_IDENTITY[sdk=iphoneos*]" = "iPhone Developer";
				COPY_PHASE_STRIP = NO;
				DEBUG_INFORMATION_FORMAT = dwarf;
				ENABLE_STRICT_OBJC_MSGSEND = YES;
				ENABLE_TESTABILITY = YES;
				FRAMEWORK_SEARCH_PATHS = "$(inherited)";
				GCC_C_LANGUAGE_STANDARD = gnu99;
				GCC_DYNAMIC_NO_PIC = NO;
				GCC_NO_COMMON_BLOCKS = YES;
				GCC_OPTIMIZATION_LEVEL = 0;
				GCC_PREPROCESSOR_DEFINITIONS = (
					"DEBUG=1",
					"$(inherited)",
				);
				GCC_WARN_64_TO_32_BIT_CONVERSION = YES;
				GCC_WARN_ABOUT_RETURN_TYPE = YES_ERROR;
				GCC_WARN_UNDECLARED_SELECTOR = YES;
				GCC_WARN_UNINITIALIZED_AUTOS = YES_AGGRESSIVE;
				GCC_WARN_UNUSED_FUNCTION = YES;
				GCC_WARN_UNUSED_VARIABLE = YES;
				HEADER_SEARCH_PATHS = "";
				IPHONEOS_DEPLOYMENT_TARGET = 9.3;
				MTL_ENABLE_DEBUG_INFO = YES;
				ONLY_ACTIVE_ARCH = YES;
				SDKROOT = iphoneos;
				SWIFT_OPTIMIZATION_LEVEL = "-Onone";
				SWIFT_VERSION = 3.0;
			};
			name = Debug;
		};
		EA21DAC41CD083D300786F30 /* Release */ = {
			isa = XCBuildConfiguration;
			buildSettings = {
				ALWAYS_SEARCH_USER_PATHS = NO;
				CLANG_ALLOW_NON_MODULAR_INCLUDES_IN_FRAMEWORK_MODULES = YES;
				CLANG_ANALYZER_NONNULL = YES;
				CLANG_CXX_LANGUAGE_STANDARD = "gnu++0x";
				CLANG_CXX_LIBRARY = "libc++";
				CLANG_ENABLE_MODULES = YES;
				CLANG_ENABLE_OBJC_ARC = YES;
				CLANG_WARN_BOOL_CONVERSION = YES;
				CLANG_WARN_CONSTANT_CONVERSION = YES;
				CLANG_WARN_DIRECT_OBJC_ISA_USAGE = YES_ERROR;
				CLANG_WARN_EMPTY_BODY = YES;
				CLANG_WARN_ENUM_CONVERSION = YES;
				CLANG_WARN_INFINITE_RECURSION = YES;
				CLANG_WARN_INT_CONVERSION = YES;
				CLANG_WARN_OBJC_ROOT_CLASS = YES_ERROR;
				CLANG_WARN_SUSPICIOUS_MOVE = YES;
				CLANG_WARN_UNREACHABLE_CODE = YES;
				CLANG_WARN__DUPLICATE_METHOD_MATCH = YES;
				"CODE_SIGN_IDENTITY[sdk=iphoneos*]" = "iPhone Developer";
				COPY_PHASE_STRIP = NO;
				DEBUG_INFORMATION_FORMAT = "dwarf-with-dsym";
				ENABLE_NS_ASSERTIONS = NO;
				ENABLE_STRICT_OBJC_MSGSEND = YES;
				FRAMEWORK_SEARCH_PATHS = "$(inherited)";
				GCC_C_LANGUAGE_STANDARD = gnu99;
				GCC_NO_COMMON_BLOCKS = YES;
				GCC_WARN_64_TO_32_BIT_CONVERSION = YES;
				GCC_WARN_ABOUT_RETURN_TYPE = YES_ERROR;
				GCC_WARN_UNDECLARED_SELECTOR = YES;
				GCC_WARN_UNINITIALIZED_AUTOS = YES_AGGRESSIVE;
				GCC_WARN_UNUSED_FUNCTION = YES;
				GCC_WARN_UNUSED_VARIABLE = YES;
				HEADER_SEARCH_PATHS = "";
				IPHONEOS_DEPLOYMENT_TARGET = 9.3;
				MTL_ENABLE_DEBUG_INFO = NO;
				SDKROOT = iphoneos;
				SWIFT_OPTIMIZATION_LEVEL = "-Owholemodule";
				SWIFT_VERSION = 3.0;
				VALIDATE_PRODUCT = YES;
			};
			name = Release;
		};
		EA21DAC61CD083D300786F30 /* Debug */ = {
			isa = XCBuildConfiguration;
			baseConfigurationReference = C490D9EE5C9A7C536B5F17FE /* Pods-Koalie.debug.xcconfig */;
			buildSettings = {
				ALWAYS_EMBED_SWIFT_STANDARD_LIBRARIES = YES;
				ASSETCATALOG_COMPILER_APPICON_NAME = AppIcon;
				CLANG_ALLOW_NON_MODULAR_INCLUDES_IN_FRAMEWORK_MODULES = YES;
				CLANG_ENABLE_MODULES = YES;
				CODE_SIGN_ENTITLEMENTS = Koalie/Koalie.entitlements;
				CODE_SIGN_IDENTITY = "iPhone Developer";
				FRAMEWORK_SEARCH_PATHS = "$(inherited)";
				INFOPLIST_FILE = Koalie/Info.plist;
				LD_RUNPATH_SEARCH_PATHS = "$(inherited) @executable_path/Frameworks";
				PRODUCT_BUNDLE_IDENTIFIER = com.koa.Koalie;
				PRODUCT_NAME = "$(TARGET_NAME)";
				SWIFT_OBJC_BRIDGING_HEADER = "Koalie/Koalie-Bridging-Header.h";
				SWIFT_OPTIMIZATION_LEVEL = "-Onone";
				SWIFT_VERSION = 3.0;
			};
			name = Debug;
		};
		EA21DAC71CD083D300786F30 /* Release */ = {
			isa = XCBuildConfiguration;
			baseConfigurationReference = E2C2E589A163D5DB6D7D7D47 /* Pods-Koalie.release.xcconfig */;
			buildSettings = {
				ALWAYS_EMBED_SWIFT_STANDARD_LIBRARIES = YES;
				ASSETCATALOG_COMPILER_APPICON_NAME = AppIcon;
				CLANG_ALLOW_NON_MODULAR_INCLUDES_IN_FRAMEWORK_MODULES = YES;
				CLANG_ENABLE_MODULES = YES;
				CODE_SIGN_ENTITLEMENTS = Koalie/Koalie.entitlements;
				CODE_SIGN_IDENTITY = "iPhone Developer";
				FRAMEWORK_SEARCH_PATHS = "$(inherited)";
				INFOPLIST_FILE = Koalie/Info.plist;
				LD_RUNPATH_SEARCH_PATHS = "$(inherited) @executable_path/Frameworks";
				PRODUCT_BUNDLE_IDENTIFIER = com.koa.Koalie;
				PRODUCT_NAME = "$(TARGET_NAME)";
				SWIFT_OBJC_BRIDGING_HEADER = "Koalie/Koalie-Bridging-Header.h";
				SWIFT_VERSION = 3.0;
			};
			name = Release;
		};
		EA21DAC91CD083D300786F30 /* Debug */ = {
			isa = XCBuildConfiguration;
			baseConfigurationReference = 57913BACC131EB2D8449B833 /* Pods-KoalieTests.debug.xcconfig */;
			buildSettings = {
				BUNDLE_LOADER = "$(TEST_HOST)";
				INFOPLIST_FILE = KoalieTests/Info.plist;
				LD_RUNPATH_SEARCH_PATHS = "$(inherited) @executable_path/Frameworks @loader_path/Frameworks";
				PRODUCT_BUNDLE_IDENTIFIER = com.koa.KoalieTests;
				PRODUCT_NAME = "$(TARGET_NAME)";
				TEST_HOST = "$(BUILT_PRODUCTS_DIR)/Koalie.app/Koalie";
			};
			name = Debug;
		};
		EA21DACA1CD083D300786F30 /* Release */ = {
			isa = XCBuildConfiguration;
			baseConfigurationReference = 6D8E137456BCFDDD0FF4F953 /* Pods-KoalieTests.release.xcconfig */;
			buildSettings = {
				BUNDLE_LOADER = "$(TEST_HOST)";
				INFOPLIST_FILE = KoalieTests/Info.plist;
				LD_RUNPATH_SEARCH_PATHS = "$(inherited) @executable_path/Frameworks @loader_path/Frameworks";
				PRODUCT_BUNDLE_IDENTIFIER = com.koa.KoalieTests;
				PRODUCT_NAME = "$(TARGET_NAME)";
				TEST_HOST = "$(BUILT_PRODUCTS_DIR)/Koalie.app/Koalie";
			};
			name = Release;
		};
		EA21DACC1CD083D300786F30 /* Debug */ = {
			isa = XCBuildConfiguration;
			buildSettings = {
				INFOPLIST_FILE = KoalieUITests/Info.plist;
				LD_RUNPATH_SEARCH_PATHS = "$(inherited) @executable_path/Frameworks @loader_path/Frameworks";
				PRODUCT_BUNDLE_IDENTIFIER = com.koa.KoalieUITests;
				PRODUCT_NAME = "$(TARGET_NAME)";
				TEST_TARGET_NAME = Koalie;
			};
			name = Debug;
		};
		EA21DACD1CD083D300786F30 /* Release */ = {
			isa = XCBuildConfiguration;
			buildSettings = {
				INFOPLIST_FILE = KoalieUITests/Info.plist;
				LD_RUNPATH_SEARCH_PATHS = "$(inherited) @executable_path/Frameworks @loader_path/Frameworks";
				PRODUCT_BUNDLE_IDENTIFIER = com.koa.KoalieUITests;
				PRODUCT_NAME = "$(TARGET_NAME)";
				TEST_TARGET_NAME = Koalie;
			};
			name = Release;
		};
/* End XCBuildConfiguration section */

/* Begin XCConfigurationList section */
		EA21DA981CD083D200786F30 /* Build configuration list for PBXProject "Koalie" */ = {
			isa = XCConfigurationList;
			buildConfigurations = (
				EA21DAC31CD083D300786F30 /* Debug */,
				EA21DAC41CD083D300786F30 /* Release */,
			);
			defaultConfigurationIsVisible = 0;
			defaultConfigurationName = Release;
		};
		EA21DAC51CD083D300786F30 /* Build configuration list for PBXNativeTarget "Koalie" */ = {
			isa = XCConfigurationList;
			buildConfigurations = (
				EA21DAC61CD083D300786F30 /* Debug */,
				EA21DAC71CD083D300786F30 /* Release */,
			);
			defaultConfigurationIsVisible = 0;
			defaultConfigurationName = Release;
		};
		EA21DAC81CD083D300786F30 /* Build configuration list for PBXNativeTarget "KoalieTests" */ = {
			isa = XCConfigurationList;
			buildConfigurations = (
				EA21DAC91CD083D300786F30 /* Debug */,
				EA21DACA1CD083D300786F30 /* Release */,
			);
			defaultConfigurationIsVisible = 0;
			defaultConfigurationName = Release;
		};
		EA21DACB1CD083D300786F30 /* Build configuration list for PBXNativeTarget "KoalieUITests" */ = {
			isa = XCConfigurationList;
			buildConfigurations = (
				EA21DACC1CD083D300786F30 /* Debug */,
				EA21DACD1CD083D300786F30 /* Release */,
			);
			defaultConfigurationIsVisible = 0;
			defaultConfigurationName = Release;
		};
/* End XCConfigurationList section */
	};
	rootObject = EA21DA951CD083D200786F30 /* Project object */;
}
